// !$*UTF8*$!
{
	archiveVersion = 1;
	classes = {
	};
	objectVersion = 46;
	objects = {

/* Begin PBXBuildFile section */
		181F05E71E87DC3E008E88F4 /* ShopItemA.plist in Resources */ = {isa = PBXBuildFile; fileRef = 181F05E41E87DC3E008E88F4 /* ShopItemA.plist */; };
		181F05E81E87DC3E008E88F4 /* ShopItemB.plist in Resources */ = {isa = PBXBuildFile; fileRef = 181F05E51E87DC3E008E88F4 /* ShopItemB.plist */; };
		181F05E91E87DC3E008E88F4 /* ShopItemC.plist in Resources */ = {isa = PBXBuildFile; fileRef = 181F05E61E87DC3E008E88F4 /* ShopItemC.plist */; };
		1844EEAB1EC4AF5D00C39CEB /* AppDelegate.m in Sources */ = {isa = PBXBuildFile; fileRef = 1844EDD31EC4AF5D00C39CEB /* AppDelegate.m */; };
		1844EEAC1EC4AF5D00C39CEB /* DCNavigationController.m in Sources */ = {isa = PBXBuildFile; fileRef = 1844EDD51EC4AF5D00C39CEB /* DCNavigationController.m */; };
		1844EEAD1EC4AF5D00C39CEB /* DCTabBarViewController.m in Sources */ = {isa = PBXBuildFile; fileRef = 1844EDD71EC4AF5D00C39CEB /* DCTabBarViewController.m */; };
		1844EEAE1EC4AF5D00C39CEB /* DCConsts.m in Sources */ = {isa = PBXBuildFile; fileRef = 1844EDDB1EC4AF5D00C39CEB /* DCConsts.m */; };
		1844EEAF1EC4AF5D00C39CEB /* DCSpeedy.m in Sources */ = {isa = PBXBuildFile; fileRef = 1844EDDD1EC4AF5D00C39CEB /* DCSpeedy.m */; };
		1844EEB01EC4AF5D00C39CEB /* UIBarButtonItem+DCBarButtonItem.m in Sources */ = {isa = PBXBuildFile; fileRef = 1844EDDF1EC4AF5D00C39CEB /* UIBarButtonItem+DCBarButtonItem.m */; };
		1844EEB11EC4AF5D00C39CEB /* UIButton+Bootstrap.m in Sources */ = {isa = PBXBuildFile; fileRef = 1844EDE11EC4AF5D00C39CEB /* UIButton+Bootstrap.m */; };
		1844EEB21EC4AF5D00C39CEB /* UIView+DCExtension.m in Sources */ = {isa = PBXBuildFile; fileRef = 1844EDE31EC4AF5D00C39CEB /* UIView+DCExtension.m */; };
		1844EEDD1EC4AF5E00C39CEB /* DCNavigationTabBar.m in Sources */ = {isa = PBXBuildFile; fileRef = 1844EE471EC4AF5D00C39CEB /* DCNavigationTabBar.m */; };
		1844EEDE1EC4AF5E00C39CEB /* DCShopItemView.m in Sources */ = {isa = PBXBuildFile; fileRef = 1844EE491EC4AF5D00C39CEB /* DCShopItemView.m */; };
		1844EEDF1EC4AF5E00C39CEB /* DCStoreButton.m in Sources */ = {isa = PBXBuildFile; fileRef = 1844EE4B1EC4AF5D00C39CEB /* DCStoreButton.m */; };
		1844EEE01EC4AF5E00C39CEB /* DCMineViewController.m in Sources */ = {isa = PBXBuildFile; fileRef = 1844EE4F1EC4AF5D00C39CEB /* DCMineViewController.m */; };
		1844EEE31EC4AF5E00C39CEB /* DCShopCarViewController.m in Sources */ = {isa = PBXBuildFile; fileRef = 1844EE571EC4AF5D00C39CEB /* DCShopCarViewController.m */; };
		1844EEE61EC4AF5E00C39CEB /* DCStoreCommentViewController.m in Sources */ = {isa = PBXBuildFile; fileRef = 1844EE611EC4AF5D00C39CEB /* DCStoreCommentViewController.m */; };
		1844EEE71EC4AF5E00C39CEB /* DCStoreIntroduceViewController.m in Sources */ = {isa = PBXBuildFile; fileRef = 1844EE641EC4AF5D00C39CEB /* DCStoreIntroduceViewController.m */; };
		1844EEE81EC4AF5E00C39CEB /* DCBaseViewController.m in Sources */ = {isa = PBXBuildFile; fileRef = 1844EE671EC4AF5D00C39CEB /* DCBaseViewController.m */; };
		1844EEE91EC4AF5E00C39CEB /* DCShareViewController.m in Sources */ = {isa = PBXBuildFile; fileRef = 1844EE691EC4AF5D00C39CEB /* DCShareViewController.m */; };
		1844EEEA1EC4AF5E00C39CEB /* DCStoreItemSelectViewController.m in Sources */ = {isa = PBXBuildFile; fileRef = 1844EE6B1EC4AF5D00C39CEB /* DCStoreItemSelectViewController.m */; };
		1844EEEB1EC4AF5E00C39CEB /* DCStoreMainViewController.m in Sources */ = {isa = PBXBuildFile; fileRef = 1844EE6D1EC4AF5D00C39CEB /* DCStoreMainViewController.m */; };
		1844EEEC1EC4AF5E00C39CEB /* DCStoreAttributeItemsViewController.m in Sources */ = {isa = PBXBuildFile; fileRef = 1844EE701EC4AF5D00C39CEB /* DCStoreAttributeItemsViewController.m */; };
		1844EEED1EC4AF5E00C39CEB /* DCBaseItem.m in Sources */ = {isa = PBXBuildFile; fileRef = 1844EE731EC4AF5D00C39CEB /* DCBaseItem.m */; };
		1844EEEE1EC4AF5E00C39CEB /* DCStore_attr.m in Sources */ = {isa = PBXBuildFile; fileRef = 1844EE751EC4AF5D00C39CEB /* DCStore_attr.m */; };
		1844EEEF1EC4AF5E00C39CEB /* DCStore_list.m in Sources */ = {isa = PBXBuildFile; fileRef = 1844EE771EC4AF5D00C39CEB /* DCStore_list.m */; };
		1844EEF01EC4AF5E00C39CEB /* DCStoreAttribute.m in Sources */ = {isa = PBXBuildFile; fileRef = 1844EE791EC4AF5D00C39CEB /* DCStoreAttribute.m */; };
		1844EEF11EC4AF5E00C39CEB /* DCAdExCell.m in Sources */ = {isa = PBXBuildFile; fileRef = 1844EE7C1EC4AF5D00C39CEB /* DCAdExCell.m */; };
		1844EEF21EC4AF5E00C39CEB /* DCAdExCell.xib in Resources */ = {isa = PBXBuildFile; fileRef = 1844EE7D1EC4AF5D00C39CEB /* DCAdExCell.xib */; };
		1844EEF31EC4AF5E00C39CEB /* DCBaseServiceCell.m in Sources */ = {isa = PBXBuildFile; fileRef = 1844EE7F1EC4AF5D00C39CEB /* DCBaseServiceCell.m */; };
		1844EEF41EC4AF5E00C39CEB /* DCBaseServiceCell.xib in Resources */ = {isa = PBXBuildFile; fileRef = 1844EE801EC4AF5D00C39CEB /* DCBaseServiceCell.xib */; };
		1844EEF51EC4AF5E00C39CEB /* DCIntroduceSelectCell.m in Sources */ = {isa = PBXBuildFile; fileRef = 1844EE821EC4AF5D00C39CEB /* DCIntroduceSelectCell.m */; };
		1844EEF61EC4AF5E00C39CEB /* DCIntroduceSelectCell.xib in Resources */ = {isa = PBXBuildFile; fileRef = 1844EE831EC4AF5D00C39CEB /* DCIntroduceSelectCell.xib */; };
		1844EEF71EC4AF5E00C39CEB /* DCStoreHeadPriceCell.m in Sources */ = {isa = PBXBuildFile; fileRef = 1844EE851EC4AF5D00C39CEB /* DCStoreHeadPriceCell.m */; };
		1844EEF81EC4AF5E00C39CEB /* DCStoreHeadPriceCell.xib in Resources */ = {isa = PBXBuildFile; fileRef = 1844EE861EC4AF5D00C39CEB /* DCStoreHeadPriceCell.xib */; };
		1844EEF91EC4AF5E00C39CEB /* DCCustomViewController.m in Sources */ = {isa = PBXBuildFile; fileRef = 1844EE8A1EC4AF5D00C39CEB /* DCCustomViewController.m */; };
		1844EEFA1EC4AF5E00C39CEB /* DCStoreCollectionViewController.m in Sources */ = {isa = PBXBuildFile; fileRef = 1844EE8C1EC4AF5D00C39CEB /* DCStoreCollectionViewController.m */; };
		1844EEFB1EC4AF5E00C39CEB /* DCStoreDetailViewController.m in Sources */ = {isa = PBXBuildFile; fileRef = 1844EE8E1EC4AF5D00C39CEB /* DCStoreDetailViewController.m */; };
		1844EEFC1EC4AF5E00C39CEB /* DCStoreViewController.m in Sources */ = {isa = PBXBuildFile; fileRef = 1844EE901EC4AF5D00C39CEB /* DCStoreViewController.m */; };
		1844EEFD1EC4AF5E00C39CEB /* DCWebViewController.m in Sources */ = {isa = PBXBuildFile; fileRef = 1844EE921EC4AF5D00C39CEB /* DCWebViewController.m */; };
		1844EEFE1EC4AF5E00C39CEB /* DCWebViewController.xib in Resources */ = {isa = PBXBuildFile; fileRef = 1844EE931EC4AF5D00C39CEB /* DCWebViewController.xib */; };
		1844EEFF1EC4AF5E00C39CEB /* DCStoreItem.m in Sources */ = {isa = PBXBuildFile; fileRef = 1844EE961EC4AF5D00C39CEB /* DCStoreItem.m */; };
		1844EF001EC4AF5E00C39CEB /* DCPayWayCell.m in Sources */ = {isa = PBXBuildFile; fileRef = 1844EE991EC4AF5D00C39CEB /* DCPayWayCell.m */; };
		1844EF011EC4AF5E00C39CEB /* DCStoreCollectionViewCell.m in Sources */ = {isa = PBXBuildFile; fileRef = 1844EE9B1EC4AF5D00C39CEB /* DCStoreCollectionViewCell.m */; };
		1844EF021EC4AF5E00C39CEB /* DCStoreCoverLabel.m in Sources */ = {isa = PBXBuildFile; fileRef = 1844EE9D1EC4AF5D00C39CEB /* DCStoreCoverLabel.m */; };
		1844EF031EC4AF5E00C39CEB /* DCStoreGridCollectionCell.m in Sources */ = {isa = PBXBuildFile; fileRef = 1844EE9F1EC4AF5D00C39CEB /* DCStoreGridCollectionCell.m */; };
		1844EF041EC4AF5E00C39CEB /* DCStoreGridFlowLayout.m in Sources */ = {isa = PBXBuildFile; fileRef = 1844EEA11EC4AF5D00C39CEB /* DCStoreGridFlowLayout.m */; };
		1844EF051EC4AF5E00C39CEB /* DCStoreItemCell.m in Sources */ = {isa = PBXBuildFile; fileRef = 1844EEA31EC4AF5D00C39CEB /* DCStoreItemCell.m */; };
		1844EF061EC4AF5E00C39CEB /* DCStoreItemCell.xib in Resources */ = {isa = PBXBuildFile; fileRef = 1844EEA41EC4AF5D00C39CEB /* DCStoreItemCell.xib */; };
		1844EF071EC4AF5E00C39CEB /* DCSureOrderViewController.m in Sources */ = {isa = PBXBuildFile; fileRef = 1844EEA71EC4AF5D00C39CEB /* DCSureOrderViewController.m */; };
		1844EF081EC4AF5E00C39CEB /* DCSureOrderViewController.xib in Resources */ = {isa = PBXBuildFile; fileRef = 1844EEA81EC4AF5D00C39CEB /* DCSureOrderViewController.xib */; };
		1844EF091EC4AF5E00C39CEB /* DCUserPayViewController.m in Sources */ = {isa = PBXBuildFile; fileRef = 1844EEAA1EC4AF5D00C39CEB /* DCUserPayViewController.m */; };
		1844EF5C1EC4B06700C39CEB /* UIPlaceHolderTextView.m in Sources */ = {isa = PBXBuildFile; fileRef = 1844EF0E1EC4B06700C39CEB /* UIPlaceHolderTextView.m */; };
		1844EF5D1EC4B06700C39CEB /* WJYAlertView.m in Sources */ = {isa = PBXBuildFile; fileRef = 1844EF101EC4B06700C39CEB /* WJYAlertView.m */; };
		1844EF5E1EC4B06700C39CEB /* PPNumberButton.m in Sources */ = {isa = PBXBuildFile; fileRef = 1844EF131EC4B06700C39CEB /* PPNumberButton.m */; };
		1844EF5F1EC4B06700C39CEB /* CAAnimation+WAnimation.m in Sources */ = {isa = PBXBuildFile; fileRef = 1844EF161EC4B06700C39CEB /* CAAnimation+WAnimation.m */; };
		1844EF601EC4B06700C39CEB /* UIView+WZLBadge.m in Sources */ = {isa = PBXBuildFile; fileRef = 1844EF181EC4B06700C39CEB /* UIView+WZLBadge.m */; };
		1844EF611EC4B06700C39CEB /* UINavigationController+XWTransition.m in Sources */ = {isa = PBXBuildFile; fileRef = 1844EF1D1EC4B06700C39CEB /* UINavigationController+XWTransition.m */; };
		1844EF621EC4B06700C39CEB /* UIView+Snapshot.m in Sources */ = {isa = PBXBuildFile; fileRef = 1844EF1F1EC4B06700C39CEB /* UIView+Snapshot.m */; };
		1844EF631EC4B06700C39CEB /* UIViewController+XWTransition.m in Sources */ = {isa = PBXBuildFile; fileRef = 1844EF211EC4B06700C39CEB /* UIViewController+XWTransition.m */; };
		1844EF641EC4B06700C39CEB /* XWInteractiveTransition.m in Sources */ = {isa = PBXBuildFile; fileRef = 1844EF241EC4B06700C39CEB /* XWInteractiveTransition.m */; };
		1844EF651EC4B06700C39CEB /* XWTransitionAnimator.m in Sources */ = {isa = PBXBuildFile; fileRef = 1844EF261EC4B06700C39CEB /* XWTransitionAnimator.m */; };
		1844EF661EC4B06700C39CEB /* line.png in Resources */ = {isa = PBXBuildFile; fileRef = 1844EF281EC4B06700C39CEB /* line.png */; };
		1844EF671EC4B06700C39CEB /* mask.jpg in Resources */ = {isa = PBXBuildFile; fileRef = 1844EF291EC4B06700C39CEB /* mask.jpg */; };
		1844EF681EC4B06700C39CEB /* restrictedshine.tiff in Resources */ = {isa = PBXBuildFile; fileRef = 1844EF2A1EC4B06700C39CEB /* restrictedshine.tiff */; };
		1844EF691EC4B06700C39CEB /* XWCircleSpreadAnimator.m in Sources */ = {isa = PBXBuildFile; fileRef = 1844EF2D1EC4B06700C39CEB /* XWCircleSpreadAnimator.m */; };
		1844EF6A1EC4B06700C39CEB /* XWCoolAnimator+XWExplode.m in Sources */ = {isa = PBXBuildFile; fileRef = 1844EF301EC4B06700C39CEB /* XWCoolAnimator+XWExplode.m */; };
		1844EF6B1EC4B06700C39CEB /* XWCoolAnimator+XWFold.m in Sources */ = {isa = PBXBuildFile; fileRef = 1844EF321EC4B06700C39CEB /* XWCoolAnimator+XWFold.m */; };
		1844EF6C1EC4B06700C39CEB /* XWCoolAnimator+XWLines.m in Sources */ = {isa = PBXBuildFile; fileRef = 1844EF341EC4B06700C39CEB /* XWCoolAnimator+XWLines.m */; };
		1844EF6D1EC4B06700C39CEB /* XWCoolAnimator+XWMiddlePageFlip.m in Sources */ = {isa = PBXBuildFile; fileRef = 1844EF361EC4B06700C39CEB /* XWCoolAnimator+XWMiddlePageFlip.m */; };
		1844EF6E1EC4B06700C39CEB /* XWCoolAnimator+XWPageFlip.m in Sources */ = {isa = PBXBuildFile; fileRef = 1844EF381EC4B06700C39CEB /* XWCoolAnimator+XWPageFlip.m */; };
		1844EF6F1EC4B06700C39CEB /* XWCoolAnimator+XWPortal.m in Sources */ = {isa = PBXBuildFile; fileRef = 1844EF3A1EC4B06700C39CEB /* XWCoolAnimator+XWPortal.m */; };
		1844EF701EC4B06700C39CEB /* XWCoolAnimator+XWScanning.m in Sources */ = {isa = PBXBuildFile; fileRef = 1844EF3C1EC4B06700C39CEB /* XWCoolAnimator+XWScanning.m */; };
		1844EF711EC4B06700C39CEB /* XWCoolAnimator.m in Sources */ = {isa = PBXBuildFile; fileRef = 1844EF3E1EC4B06700C39CEB /* XWCoolAnimator.m */; };
		1844EF721EC4B06700C39CEB /* XWDrawerAnimator.m in Sources */ = {isa = PBXBuildFile; fileRef = 1844EF411EC4B06700C39CEB /* XWDrawerAnimator.m */; };
		1844EF731EC4B06700C39CEB /* XWFilterAnimator+XWBarSwipe.m in Sources */ = {isa = PBXBuildFile; fileRef = 1844EF441EC4B06700C39CEB /* XWFilterAnimator+XWBarSwipe.m */; };
		1844EF741EC4B06700C39CEB /* XWFilterAnimator+XWBoxBlur.m in Sources */ = {isa = PBXBuildFile; fileRef = 1844EF461EC4B06700C39CEB /* XWFilterAnimator+XWBoxBlur.m */; };
		1844EF751EC4B06700C39CEB /* XWFilterAnimator+XWCopyMachine.m in Sources */ = {isa = PBXBuildFile; fileRef = 1844EF481EC4B06700C39CEB /* XWFilterAnimator+XWCopyMachine.m */; };
		1844EF761EC4B06700C39CEB /* XWFilterAnimator+XWFlash.m in Sources */ = {isa = PBXBuildFile; fileRef = 1844EF4A1EC4B06700C39CEB /* XWFilterAnimator+XWFlash.m */; };
		1844EF771EC4B06700C39CEB /* XWFilterAnimator+XWMask.m in Sources */ = {isa = PBXBuildFile; fileRef = 1844EF4C1EC4B06700C39CEB /* XWFilterAnimator+XWMask.m */; };
		1844EF781EC4B06700C39CEB /* XWFilterAnimator+XWMod.m in Sources */ = {isa = PBXBuildFile; fileRef = 1844EF4E1EC4B06700C39CEB /* XWFilterAnimator+XWMod.m */; };
		1844EF791EC4B06700C39CEB /* XWFilterAnimator+XWPageCurl.m in Sources */ = {isa = PBXBuildFile; fileRef = 1844EF501EC4B06700C39CEB /* XWFilterAnimator+XWPageCurl.m */; };
		1844EF7A1EC4B06700C39CEB /* XWFilterAnimator+XWRipple.m in Sources */ = {isa = PBXBuildFile; fileRef = 1844EF521EC4B06700C39CEB /* XWFilterAnimator+XWRipple.m */; };
		1844EF7B1EC4B06700C39CEB /* XWFilterAnimator+XWSwipe.m in Sources */ = {isa = PBXBuildFile; fileRef = 1844EF541EC4B06700C39CEB /* XWFilterAnimator+XWSwipe.m */; };
		1844EF7C1EC4B06700C39CEB /* XWFilterAnimator.m in Sources */ = {isa = PBXBuildFile; fileRef = 1844EF561EC4B06700C39CEB /* XWFilterAnimator.m */; };
		1844EF7D1EC4B06700C39CEB /* XWFilterTransitionView.m in Sources */ = {isa = PBXBuildFile; fileRef = 1844EF581EC4B06700C39CEB /* XWFilterTransitionView.m */; };
		1844EF7E1EC4B06700C39CEB /* XWMagicMoveAnimator.m in Sources */ = {isa = PBXBuildFile; fileRef = 1844EF5B1EC4B06700C39CEB /* XWMagicMoveAnimator.m */; };
		187E678B1E7D793100722607 /* main.m in Sources */ = {isa = PBXBuildFile; fileRef = 187E678A1E7D793100722607 /* main.m */; };
		187E67961E7D793100722607 /* Assets.xcassets in Resources */ = {isa = PBXBuildFile; fileRef = 187E67951E7D793100722607 /* Assets.xcassets */; };
		187E67991E7D793100722607 /* LaunchScreen.storyboard in Resources */ = {isa = PBXBuildFile; fileRef = 187E67971E7D793100722607 /* LaunchScreen.storyboard */; };
		187E67A41E7D793100722607 /* CDDStoreDemoTests.m in Sources */ = {isa = PBXBuildFile; fileRef = 187E67A31E7D793100722607 /* CDDStoreDemoTests.m */; };
		187E67AF1E7D793100722607 /* CDDStoreDemoUITests.m in Sources */ = {isa = PBXBuildFile; fileRef = 187E67AE1E7D793100722607 /* CDDStoreDemoUITests.m */; };
		18E8F6BD1E818A7100D6F275 /* StoreBase.plist in Resources */ = {isa = PBXBuildFile; fileRef = 18E8F6BC1E818A7100D6F275 /* StoreBase.plist */; };
		18F8C4E01E7F95AA00AB2070 /* MallShops.plist in Resources */ = {isa = PBXBuildFile; fileRef = 18F8C4DF1E7F95AA00AB2070 /* MallShops.plist */; };
		B4BD6CD985407C4066CE3D78 /* libPods-CDDStoreDemo.a in Frameworks */ = {isa = PBXBuildFile; fileRef = D28CF44E5CEBF6947E889711 /* libPods-CDDStoreDemo.a */; };
/* End PBXBuildFile section */

/* Begin PBXContainerItemProxy section */
		187E67A01E7D793100722607 /* PBXContainerItemProxy */ = {
			isa = PBXContainerItemProxy;
			containerPortal = 187E677E1E7D793000722607 /* Project object */;
			proxyType = 1;
			remoteGlobalIDString = 187E67851E7D793000722607;
			remoteInfo = CDDStoreDemo;
		};
		187E67AB1E7D793100722607 /* PBXContainerItemProxy */ = {
			isa = PBXContainerItemProxy;
			containerPortal = 187E677E1E7D793000722607 /* Project object */;
			proxyType = 1;
			remoteGlobalIDString = 187E67851E7D793000722607;
			remoteInfo = CDDStoreDemo;
		};
/* End PBXContainerItemProxy section */

/* Begin PBXFileReference section */
		181F05E41E87DC3E008E88F4 /* ShopItemA.plist */ = {isa = PBXFileReference; fileEncoding = 4; lastKnownFileType = text.plist.xml; path = ShopItemA.plist; sourceTree = "<group>"; };
		181F05E51E87DC3E008E88F4 /* ShopItemB.plist */ = {isa = PBXFileReference; fileEncoding = 4; lastKnownFileType = text.plist.xml; path = ShopItemB.plist; sourceTree = "<group>"; };
		181F05E61E87DC3E008E88F4 /* ShopItemC.plist */ = {isa = PBXFileReference; fileEncoding = 4; lastKnownFileType = text.plist.xml; path = ShopItemC.plist; sourceTree = "<group>"; };
		1844EDD21EC4AF5D00C39CEB /* AppDelegate.h */ = {isa = PBXFileReference; fileEncoding = 4; lastKnownFileType = sourcecode.c.h; path = AppDelegate.h; sourceTree = "<group>"; };
		1844EDD31EC4AF5D00C39CEB /* AppDelegate.m */ = {isa = PBXFileReference; fileEncoding = 4; lastKnownFileType = sourcecode.c.objc; path = AppDelegate.m; sourceTree = "<group>"; };
		1844EDD41EC4AF5D00C39CEB /* DCNavigationController.h */ = {isa = PBXFileReference; fileEncoding = 4; lastKnownFileType = sourcecode.c.h; path = DCNavigationController.h; sourceTree = "<group>"; };
		1844EDD51EC4AF5D00C39CEB /* DCNavigationController.m */ = {isa = PBXFileReference; fileEncoding = 4; lastKnownFileType = sourcecode.c.objc; path = DCNavigationController.m; sourceTree = "<group>"; };
		1844EDD61EC4AF5D00C39CEB /* DCTabBarViewController.h */ = {isa = PBXFileReference; fileEncoding = 4; lastKnownFileType = sourcecode.c.h; path = DCTabBarViewController.h; sourceTree = "<group>"; };
		1844EDD71EC4AF5D00C39CEB /* DCTabBarViewController.m */ = {isa = PBXFileReference; fileEncoding = 4; lastKnownFileType = sourcecode.c.objc; path = DCTabBarViewController.m; sourceTree = "<group>"; };
		1844EDDA1EC4AF5D00C39CEB /* DCConsts.h */ = {isa = PBXFileReference; fileEncoding = 4; lastKnownFileType = sourcecode.c.h; path = DCConsts.h; sourceTree = "<group>"; };
		1844EDDB1EC4AF5D00C39CEB /* DCConsts.m */ = {isa = PBXFileReference; fileEncoding = 4; lastKnownFileType = sourcecode.c.objc; path = DCConsts.m; sourceTree = "<group>"; };
		1844EDDC1EC4AF5D00C39CEB /* DCSpeedy.h */ = {isa = PBXFileReference; fileEncoding = 4; lastKnownFileType = sourcecode.c.h; path = DCSpeedy.h; sourceTree = "<group>"; };
		1844EDDD1EC4AF5D00C39CEB /* DCSpeedy.m */ = {isa = PBXFileReference; fileEncoding = 4; lastKnownFileType = sourcecode.c.objc; path = DCSpeedy.m; sourceTree = "<group>"; };
		1844EDDE1EC4AF5D00C39CEB /* UIBarButtonItem+DCBarButtonItem.h */ = {isa = PBXFileReference; fileEncoding = 4; lastKnownFileType = sourcecode.c.h; path = "UIBarButtonItem+DCBarButtonItem.h"; sourceTree = "<group>"; };
		1844EDDF1EC4AF5D00C39CEB /* UIBarButtonItem+DCBarButtonItem.m */ = {isa = PBXFileReference; fileEncoding = 4; lastKnownFileType = sourcecode.c.objc; path = "UIBarButtonItem+DCBarButtonItem.m"; sourceTree = "<group>"; };
		1844EDE01EC4AF5D00C39CEB /* UIButton+Bootstrap.h */ = {isa = PBXFileReference; fileEncoding = 4; lastKnownFileType = sourcecode.c.h; path = "UIButton+Bootstrap.h"; sourceTree = "<group>"; };
		1844EDE11EC4AF5D00C39CEB /* UIButton+Bootstrap.m */ = {isa = PBXFileReference; fileEncoding = 4; lastKnownFileType = sourcecode.c.objc; path = "UIButton+Bootstrap.m"; sourceTree = "<group>"; };
		1844EDE21EC4AF5D00C39CEB /* UIView+DCExtension.h */ = {isa = PBXFileReference; fileEncoding = 4; lastKnownFileType = sourcecode.c.h; path = "UIView+DCExtension.h"; sourceTree = "<group>"; };
		1844EDE31EC4AF5D00C39CEB /* UIView+DCExtension.m */ = {isa = PBXFileReference; fileEncoding = 4; lastKnownFileType = sourcecode.c.objc; path = "UIView+DCExtension.m"; sourceTree = "<group>"; };
		1844EE461EC4AF5D00C39CEB /* DCNavigationTabBar.h */ = {isa = PBXFileReference; fileEncoding = 4; lastKnownFileType = sourcecode.c.h; path = DCNavigationTabBar.h; sourceTree = "<group>"; };
		1844EE471EC4AF5D00C39CEB /* DCNavigationTabBar.m */ = {isa = PBXFileReference; fileEncoding = 4; lastKnownFileType = sourcecode.c.objc; path = DCNavigationTabBar.m; sourceTree = "<group>"; };
		1844EE481EC4AF5D00C39CEB /* DCShopItemView.h */ = {isa = PBXFileReference; fileEncoding = 4; lastKnownFileType = sourcecode.c.h; path = DCShopItemView.h; sourceTree = "<group>"; };
		1844EE491EC4AF5D00C39CEB /* DCShopItemView.m */ = {isa = PBXFileReference; fileEncoding = 4; lastKnownFileType = sourcecode.c.objc; path = DCShopItemView.m; sourceTree = "<group>"; };
		1844EE4A1EC4AF5D00C39CEB /* DCStoreButton.h */ = {isa = PBXFileReference; fileEncoding = 4; lastKnownFileType = sourcecode.c.h; path = DCStoreButton.h; sourceTree = "<group>"; };
		1844EE4B1EC4AF5D00C39CEB /* DCStoreButton.m */ = {isa = PBXFileReference; fileEncoding = 4; lastKnownFileType = sourcecode.c.objc; path = DCStoreButton.m; sourceTree = "<group>"; };
		1844EE4E1EC4AF5D00C39CEB /* DCMineViewController.h */ = {isa = PBXFileReference; fileEncoding = 4; lastKnownFileType = sourcecode.c.h; path = DCMineViewController.h; sourceTree = "<group>"; };
		1844EE4F1EC4AF5D00C39CEB /* DCMineViewController.m */ = {isa = PBXFileReference; fileEncoding = 4; lastKnownFileType = sourcecode.c.objc; path = DCMineViewController.m; sourceTree = "<group>"; };
		1844EE511EC4AF5D00C39CEB /* .gitignore */ = {isa = PBXFileReference; fileEncoding = 4; lastKnownFileType = text; path = .gitignore; sourceTree = "<group>"; };
		1844EE531EC4AF5D00C39CEB /* .gitignore */ = {isa = PBXFileReference; fileEncoding = 4; lastKnownFileType = text; path = .gitignore; sourceTree = "<group>"; };
		1844EE561EC4AF5D00C39CEB /* DCShopCarViewController.h */ = {isa = PBXFileReference; fileEncoding = 4; lastKnownFileType = sourcecode.c.h; path = DCShopCarViewController.h; sourceTree = "<group>"; };
		1844EE571EC4AF5D00C39CEB /* DCShopCarViewController.m */ = {isa = PBXFileReference; fileEncoding = 4; lastKnownFileType = sourcecode.c.objc; path = DCShopCarViewController.m; sourceTree = "<group>"; };
		1844EE591EC4AF5D00C39CEB /* .gitignore */ = {isa = PBXFileReference; fileEncoding = 4; lastKnownFileType = text; path = .gitignore; sourceTree = "<group>"; };
		1844EE5B1EC4AF5D00C39CEB /* .gitignore */ = {isa = PBXFileReference; fileEncoding = 4; lastKnownFileType = text; path = .gitignore; sourceTree = "<group>"; };
		1844EE601EC4AF5D00C39CEB /* DCStoreCommentViewController.h */ = {isa = PBXFileReference; fileEncoding = 4; lastKnownFileType = sourcecode.c.h; path = DCStoreCommentViewController.h; sourceTree = "<group>"; };
		1844EE611EC4AF5D00C39CEB /* DCStoreCommentViewController.m */ = {isa = PBXFileReference; fileEncoding = 4; lastKnownFileType = sourcecode.c.objc; path = DCStoreCommentViewController.m; sourceTree = "<group>"; };
		1844EE631EC4AF5D00C39CEB /* DCStoreIntroduceViewController.h */ = {isa = PBXFileReference; fileEncoding = 4; lastKnownFileType = sourcecode.c.h; path = DCStoreIntroduceViewController.h; sourceTree = "<group>"; };
		1844EE641EC4AF5D00C39CEB /* DCStoreIntroduceViewController.m */ = {isa = PBXFileReference; fileEncoding = 4; lastKnownFileType = sourcecode.c.objc; path = DCStoreIntroduceViewController.m; sourceTree = "<group>"; };
		1844EE661EC4AF5D00C39CEB /* DCBaseViewController.h */ = {isa = PBXFileReference; fileEncoding = 4; lastKnownFileType = sourcecode.c.h; path = DCBaseViewController.h; sourceTree = "<group>"; };
		1844EE671EC4AF5D00C39CEB /* DCBaseViewController.m */ = {isa = PBXFileReference; fileEncoding = 4; lastKnownFileType = sourcecode.c.objc; path = DCBaseViewController.m; sourceTree = "<group>"; };
		1844EE681EC4AF5D00C39CEB /* DCShareViewController.h */ = {isa = PBXFileReference; fileEncoding = 4; lastKnownFileType = sourcecode.c.h; path = DCShareViewController.h; sourceTree = "<group>"; };
		1844EE691EC4AF5D00C39CEB /* DCShareViewController.m */ = {isa = PBXFileReference; fileEncoding = 4; lastKnownFileType = sourcecode.c.objc; path = DCShareViewController.m; sourceTree = "<group>"; };
		1844EE6A1EC4AF5D00C39CEB /* DCStoreItemSelectViewController.h */ = {isa = PBXFileReference; fileEncoding = 4; lastKnownFileType = sourcecode.c.h; path = DCStoreItemSelectViewController.h; sourceTree = "<group>"; };
		1844EE6B1EC4AF5D00C39CEB /* DCStoreItemSelectViewController.m */ = {isa = PBXFileReference; fileEncoding = 4; lastKnownFileType = sourcecode.c.objc; path = DCStoreItemSelectViewController.m; sourceTree = "<group>"; };
		1844EE6C1EC4AF5D00C39CEB /* DCStoreMainViewController.h */ = {isa = PBXFileReference; fileEncoding = 4; lastKnownFileType = sourcecode.c.h; path = DCStoreMainViewController.h; sourceTree = "<group>"; };
		1844EE6D1EC4AF5D00C39CEB /* DCStoreMainViewController.m */ = {isa = PBXFileReference; fileEncoding = 4; lastKnownFileType = sourcecode.c.objc; path = DCStoreMainViewController.m; sourceTree = "<group>"; };
		1844EE6F1EC4AF5D00C39CEB /* DCStoreAttributeItemsViewController.h */ = {isa = PBXFileReference; fileEncoding = 4; lastKnownFileType = sourcecode.c.h; path = DCStoreAttributeItemsViewController.h; sourceTree = "<group>"; };
		1844EE701EC4AF5D00C39CEB /* DCStoreAttributeItemsViewController.m */ = {isa = PBXFileReference; fileEncoding = 4; lastKnownFileType = sourcecode.c.objc; path = DCStoreAttributeItemsViewController.m; sourceTree = "<group>"; };
		1844EE721EC4AF5D00C39CEB /* DCBaseItem.h */ = {isa = PBXFileReference; fileEncoding = 4; lastKnownFileType = sourcecode.c.h; path = DCBaseItem.h; sourceTree = "<group>"; };
		1844EE731EC4AF5D00C39CEB /* DCBaseItem.m */ = {isa = PBXFileReference; fileEncoding = 4; lastKnownFileType = sourcecode.c.objc; path = DCBaseItem.m; sourceTree = "<group>"; };
		1844EE741EC4AF5D00C39CEB /* DCStore_attr.h */ = {isa = PBXFileReference; fileEncoding = 4; lastKnownFileType = sourcecode.c.h; path = DCStore_attr.h; sourceTree = "<group>"; };
		1844EE751EC4AF5D00C39CEB /* DCStore_attr.m */ = {isa = PBXFileReference; fileEncoding = 4; lastKnownFileType = sourcecode.c.objc; path = DCStore_attr.m; sourceTree = "<group>"; };
		1844EE761EC4AF5D00C39CEB /* DCStore_list.h */ = {isa = PBXFileReference; fileEncoding = 4; lastKnownFileType = sourcecode.c.h; path = DCStore_list.h; sourceTree = "<group>"; };
		1844EE771EC4AF5D00C39CEB /* DCStore_list.m */ = {isa = PBXFileReference; fileEncoding = 4; lastKnownFileType = sourcecode.c.objc; path = DCStore_list.m; sourceTree = "<group>"; };
		1844EE781EC4AF5D00C39CEB /* DCStoreAttribute.h */ = {isa = PBXFileReference; fileEncoding = 4; lastKnownFileType = sourcecode.c.h; path = DCStoreAttribute.h; sourceTree = "<group>"; };
		1844EE791EC4AF5D00C39CEB /* DCStoreAttribute.m */ = {isa = PBXFileReference; fileEncoding = 4; lastKnownFileType = sourcecode.c.objc; path = DCStoreAttribute.m; sourceTree = "<group>"; };
		1844EE7B1EC4AF5D00C39CEB /* DCAdExCell.h */ = {isa = PBXFileReference; fileEncoding = 4; lastKnownFileType = sourcecode.c.h; path = DCAdExCell.h; sourceTree = "<group>"; };
		1844EE7C1EC4AF5D00C39CEB /* DCAdExCell.m */ = {isa = PBXFileReference; fileEncoding = 4; lastKnownFileType = sourcecode.c.objc; path = DCAdExCell.m; sourceTree = "<group>"; };
		1844EE7D1EC4AF5D00C39CEB /* DCAdExCell.xib */ = {isa = PBXFileReference; fileEncoding = 4; lastKnownFileType = file.xib; path = DCAdExCell.xib; sourceTree = "<group>"; };
		1844EE7E1EC4AF5D00C39CEB /* DCBaseServiceCell.h */ = {isa = PBXFileReference; fileEncoding = 4; lastKnownFileType = sourcecode.c.h; path = DCBaseServiceCell.h; sourceTree = "<group>"; };
		1844EE7F1EC4AF5D00C39CEB /* DCBaseServiceCell.m */ = {isa = PBXFileReference; fileEncoding = 4; lastKnownFileType = sourcecode.c.objc; path = DCBaseServiceCell.m; sourceTree = "<group>"; };
		1844EE801EC4AF5D00C39CEB /* DCBaseServiceCell.xib */ = {isa = PBXFileReference; fileEncoding = 4; lastKnownFileType = file.xib; path = DCBaseServiceCell.xib; sourceTree = "<group>"; };
		1844EE811EC4AF5D00C39CEB /* DCIntroduceSelectCell.h */ = {isa = PBXFileReference; fileEncoding = 4; lastKnownFileType = sourcecode.c.h; path = DCIntroduceSelectCell.h; sourceTree = "<group>"; };
		1844EE821EC4AF5D00C39CEB /* DCIntroduceSelectCell.m */ = {isa = PBXFileReference; fileEncoding = 4; lastKnownFileType = sourcecode.c.objc; path = DCIntroduceSelectCell.m; sourceTree = "<group>"; };
		1844EE831EC4AF5D00C39CEB /* DCIntroduceSelectCell.xib */ = {isa = PBXFileReference; fileEncoding = 4; lastKnownFileType = file.xib; path = DCIntroduceSelectCell.xib; sourceTree = "<group>"; };
		1844EE841EC4AF5D00C39CEB /* DCStoreHeadPriceCell.h */ = {isa = PBXFileReference; fileEncoding = 4; lastKnownFileType = sourcecode.c.h; path = DCStoreHeadPriceCell.h; sourceTree = "<group>"; };
		1844EE851EC4AF5D00C39CEB /* DCStoreHeadPriceCell.m */ = {isa = PBXFileReference; fileEncoding = 4; lastKnownFileType = sourcecode.c.objc; path = DCStoreHeadPriceCell.m; sourceTree = "<group>"; };
		1844EE861EC4AF5D00C39CEB /* DCStoreHeadPriceCell.xib */ = {isa = PBXFileReference; fileEncoding = 4; lastKnownFileType = file.xib; path = DCStoreHeadPriceCell.xib; sourceTree = "<group>"; };
		1844EE891EC4AF5D00C39CEB /* DCCustomViewController.h */ = {isa = PBXFileReference; fileEncoding = 4; lastKnownFileType = sourcecode.c.h; path = DCCustomViewController.h; sourceTree = "<group>"; };
		1844EE8A1EC4AF5D00C39CEB /* DCCustomViewController.m */ = {isa = PBXFileReference; fileEncoding = 4; lastKnownFileType = sourcecode.c.objc; path = DCCustomViewController.m; sourceTree = "<group>"; };
		1844EE8B1EC4AF5D00C39CEB /* DCStoreCollectionViewController.h */ = {isa = PBXFileReference; fileEncoding = 4; lastKnownFileType = sourcecode.c.h; path = DCStoreCollectionViewController.h; sourceTree = "<group>"; };
		1844EE8C1EC4AF5D00C39CEB /* DCStoreCollectionViewController.m */ = {isa = PBXFileReference; fileEncoding = 4; lastKnownFileType = sourcecode.c.objc; path = DCStoreCollectionViewController.m; sourceTree = "<group>"; };
		1844EE8D1EC4AF5D00C39CEB /* DCStoreDetailViewController.h */ = {isa = PBXFileReference; fileEncoding = 4; lastKnownFileType = sourcecode.c.h; path = DCStoreDetailViewController.h; sourceTree = "<group>"; };
		1844EE8E1EC4AF5D00C39CEB /* DCStoreDetailViewController.m */ = {isa = PBXFileReference; fileEncoding = 4; lastKnownFileType = sourcecode.c.objc; path = DCStoreDetailViewController.m; sourceTree = "<group>"; };
		1844EE8F1EC4AF5D00C39CEB /* DCStoreViewController.h */ = {isa = PBXFileReference; fileEncoding = 4; lastKnownFileType = sourcecode.c.h; path = DCStoreViewController.h; sourceTree = "<group>"; };
		1844EE901EC4AF5D00C39CEB /* DCStoreViewController.m */ = {isa = PBXFileReference; fileEncoding = 4; lastKnownFileType = sourcecode.c.objc; path = DCStoreViewController.m; sourceTree = "<group>"; };
		1844EE911EC4AF5D00C39CEB /* DCWebViewController.h */ = {isa = PBXFileReference; fileEncoding = 4; lastKnownFileType = sourcecode.c.h; path = DCWebViewController.h; sourceTree = "<group>"; };
		1844EE921EC4AF5D00C39CEB /* DCWebViewController.m */ = {isa = PBXFileReference; fileEncoding = 4; lastKnownFileType = sourcecode.c.objc; path = DCWebViewController.m; sourceTree = "<group>"; };
		1844EE931EC4AF5D00C39CEB /* DCWebViewController.xib */ = {isa = PBXFileReference; fileEncoding = 4; lastKnownFileType = file.xib; path = DCWebViewController.xib; sourceTree = "<group>"; };
		1844EE951EC4AF5D00C39CEB /* DCStoreItem.h */ = {isa = PBXFileReference; fileEncoding = 4; lastKnownFileType = sourcecode.c.h; path = DCStoreItem.h; sourceTree = "<group>"; };
		1844EE961EC4AF5D00C39CEB /* DCStoreItem.m */ = {isa = PBXFileReference; fileEncoding = 4; lastKnownFileType = sourcecode.c.objc; path = DCStoreItem.m; sourceTree = "<group>"; };
		1844EE981EC4AF5D00C39CEB /* DCPayWayCell.h */ = {isa = PBXFileReference; fileEncoding = 4; lastKnownFileType = sourcecode.c.h; path = DCPayWayCell.h; sourceTree = "<group>"; };
		1844EE991EC4AF5D00C39CEB /* DCPayWayCell.m */ = {isa = PBXFileReference; fileEncoding = 4; lastKnownFileType = sourcecode.c.objc; path = DCPayWayCell.m; sourceTree = "<group>"; };
		1844EE9A1EC4AF5D00C39CEB /* DCStoreCollectionViewCell.h */ = {isa = PBXFileReference; fileEncoding = 4; lastKnownFileType = sourcecode.c.h; path = DCStoreCollectionViewCell.h; sourceTree = "<group>"; };
		1844EE9B1EC4AF5D00C39CEB /* DCStoreCollectionViewCell.m */ = {isa = PBXFileReference; fileEncoding = 4; lastKnownFileType = sourcecode.c.objc; path = DCStoreCollectionViewCell.m; sourceTree = "<group>"; };
		1844EE9C1EC4AF5D00C39CEB /* DCStoreCoverLabel.h */ = {isa = PBXFileReference; fileEncoding = 4; lastKnownFileType = sourcecode.c.h; path = DCStoreCoverLabel.h; sourceTree = "<group>"; };
		1844EE9D1EC4AF5D00C39CEB /* DCStoreCoverLabel.m */ = {isa = PBXFileReference; fileEncoding = 4; lastKnownFileType = sourcecode.c.objc; path = DCStoreCoverLabel.m; sourceTree = "<group>"; };
		1844EE9E1EC4AF5D00C39CEB /* DCStoreGridCollectionCell.h */ = {isa = PBXFileReference; fileEncoding = 4; lastKnownFileType = sourcecode.c.h; path = DCStoreGridCollectionCell.h; sourceTree = "<group>"; };
		1844EE9F1EC4AF5D00C39CEB /* DCStoreGridCollectionCell.m */ = {isa = PBXFileReference; fileEncoding = 4; lastKnownFileType = sourcecode.c.objc; path = DCStoreGridCollectionCell.m; sourceTree = "<group>"; };
		1844EEA01EC4AF5D00C39CEB /* DCStoreGridFlowLayout.h */ = {isa = PBXFileReference; fileEncoding = 4; lastKnownFileType = sourcecode.c.h; path = DCStoreGridFlowLayout.h; sourceTree = "<group>"; };
		1844EEA11EC4AF5D00C39CEB /* DCStoreGridFlowLayout.m */ = {isa = PBXFileReference; fileEncoding = 4; lastKnownFileType = sourcecode.c.objc; path = DCStoreGridFlowLayout.m; sourceTree = "<group>"; };
		1844EEA21EC4AF5D00C39CEB /* DCStoreItemCell.h */ = {isa = PBXFileReference; fileEncoding = 4; lastKnownFileType = sourcecode.c.h; path = DCStoreItemCell.h; sourceTree = "<group>"; };
		1844EEA31EC4AF5D00C39CEB /* DCStoreItemCell.m */ = {isa = PBXFileReference; fileEncoding = 4; lastKnownFileType = sourcecode.c.objc; path = DCStoreItemCell.m; sourceTree = "<group>"; };
		1844EEA41EC4AF5D00C39CEB /* DCStoreItemCell.xib */ = {isa = PBXFileReference; fileEncoding = 4; lastKnownFileType = file.xib; path = DCStoreItemCell.xib; sourceTree = "<group>"; };
		1844EEA61EC4AF5D00C39CEB /* DCSureOrderViewController.h */ = {isa = PBXFileReference; fileEncoding = 4; lastKnownFileType = sourcecode.c.h; path = DCSureOrderViewController.h; sourceTree = "<group>"; };
		1844EEA71EC4AF5D00C39CEB /* DCSureOrderViewController.m */ = {isa = PBXFileReference; fileEncoding = 4; lastKnownFileType = sourcecode.c.objc; path = DCSureOrderViewController.m; sourceTree = "<group>"; };
		1844EEA81EC4AF5D00C39CEB /* DCSureOrderViewController.xib */ = {isa = PBXFileReference; fileEncoding = 4; lastKnownFileType = file.xib; path = DCSureOrderViewController.xib; sourceTree = "<group>"; };
		1844EEA91EC4AF5D00C39CEB /* DCUserPayViewController.h */ = {isa = PBXFileReference; fileEncoding = 4; lastKnownFileType = sourcecode.c.h; path = DCUserPayViewController.h; sourceTree = "<group>"; };
		1844EEAA1EC4AF5D00C39CEB /* DCUserPayViewController.m */ = {isa = PBXFileReference; fileEncoding = 4; lastKnownFileType = sourcecode.c.objc; path = DCUserPayViewController.m; sourceTree = "<group>"; };
		1844EF0D1EC4B06700C39CEB /* UIPlaceHolderTextView.h */ = {isa = PBXFileReference; fileEncoding = 4; lastKnownFileType = sourcecode.c.h; path = UIPlaceHolderTextView.h; sourceTree = "<group>"; };
		1844EF0E1EC4B06700C39CEB /* UIPlaceHolderTextView.m */ = {isa = PBXFileReference; fileEncoding = 4; lastKnownFileType = sourcecode.c.objc; path = UIPlaceHolderTextView.m; sourceTree = "<group>"; };
		1844EF0F1EC4B06700C39CEB /* WJYAlertView.h */ = {isa = PBXFileReference; fileEncoding = 4; lastKnownFileType = sourcecode.c.h; path = WJYAlertView.h; sourceTree = "<group>"; };
		1844EF101EC4B06700C39CEB /* WJYAlertView.m */ = {isa = PBXFileReference; fileEncoding = 4; lastKnownFileType = sourcecode.c.objc; path = WJYAlertView.m; sourceTree = "<group>"; };
		1844EF121EC4B06700C39CEB /* PPNumberButton.h */ = {isa = PBXFileReference; fileEncoding = 4; lastKnownFileType = sourcecode.c.h; path = PPNumberButton.h; sourceTree = "<group>"; };
		1844EF131EC4B06700C39CEB /* PPNumberButton.m */ = {isa = PBXFileReference; fileEncoding = 4; lastKnownFileType = sourcecode.c.objc; path = PPNumberButton.m; sourceTree = "<group>"; };
		1844EF151EC4B06700C39CEB /* CAAnimation+WAnimation.h */ = {isa = PBXFileReference; fileEncoding = 4; lastKnownFileType = sourcecode.c.h; path = "CAAnimation+WAnimation.h"; sourceTree = "<group>"; };
		1844EF161EC4B06700C39CEB /* CAAnimation+WAnimation.m */ = {isa = PBXFileReference; fileEncoding = 4; lastKnownFileType = sourcecode.c.objc; path = "CAAnimation+WAnimation.m"; sourceTree = "<group>"; };
		1844EF171EC4B06700C39CEB /* UIView+WZLBadge.h */ = {isa = PBXFileReference; fileEncoding = 4; lastKnownFileType = sourcecode.c.h; path = "UIView+WZLBadge.h"; sourceTree = "<group>"; };
		1844EF181EC4B06700C39CEB /* UIView+WZLBadge.m */ = {isa = PBXFileReference; fileEncoding = 4; lastKnownFileType = sourcecode.c.objc; path = "UIView+WZLBadge.m"; sourceTree = "<group>"; };
		1844EF191EC4B06700C39CEB /* WZLBadgeProtocol.h */ = {isa = PBXFileReference; fileEncoding = 4; lastKnownFileType = sourcecode.c.h; path = WZLBadgeProtocol.h; sourceTree = "<group>"; };
		1844EF1C1EC4B06700C39CEB /* UINavigationController+XWTransition.h */ = {isa = PBXFileReference; fileEncoding = 4; lastKnownFileType = sourcecode.c.h; path = "UINavigationController+XWTransition.h"; sourceTree = "<group>"; };
		1844EF1D1EC4B06700C39CEB /* UINavigationController+XWTransition.m */ = {isa = PBXFileReference; fileEncoding = 4; lastKnownFileType = sourcecode.c.objc; path = "UINavigationController+XWTransition.m"; sourceTree = "<group>"; };
		1844EF1E1EC4B06700C39CEB /* UIView+Snapshot.h */ = {isa = PBXFileReference; fileEncoding = 4; lastKnownFileType = sourcecode.c.h; path = "UIView+Snapshot.h"; sourceTree = "<group>"; };
		1844EF1F1EC4B06700C39CEB /* UIView+Snapshot.m */ = {isa = PBXFileReference; fileEncoding = 4; lastKnownFileType = sourcecode.c.objc; path = "UIView+Snapshot.m"; sourceTree = "<group>"; };
		1844EF201EC4B06700C39CEB /* UIViewController+XWTransition.h */ = {isa = PBXFileReference; fileEncoding = 4; lastKnownFileType = sourcecode.c.h; path = "UIViewController+XWTransition.h"; sourceTree = "<group>"; };
		1844EF211EC4B06700C39CEB /* UIViewController+XWTransition.m */ = {isa = PBXFileReference; fileEncoding = 4; lastKnownFileType = sourcecode.c.objc; path = "UIViewController+XWTransition.m"; sourceTree = "<group>"; };
		1844EF231EC4B06700C39CEB /* XWInteractiveTransition.h */ = {isa = PBXFileReference; fileEncoding = 4; lastKnownFileType = sourcecode.c.h; path = XWInteractiveTransition.h; sourceTree = "<group>"; };
		1844EF241EC4B06700C39CEB /* XWInteractiveTransition.m */ = {isa = PBXFileReference; fileEncoding = 4; lastKnownFileType = sourcecode.c.objc; path = XWInteractiveTransition.m; sourceTree = "<group>"; };
		1844EF251EC4B06700C39CEB /* XWTransitionAnimator.h */ = {isa = PBXFileReference; fileEncoding = 4; lastKnownFileType = sourcecode.c.h; path = XWTransitionAnimator.h; sourceTree = "<group>"; };
		1844EF261EC4B06700C39CEB /* XWTransitionAnimator.m */ = {isa = PBXFileReference; fileEncoding = 4; lastKnownFileType = sourcecode.c.objc; path = XWTransitionAnimator.m; sourceTree = "<group>"; };
		1844EF281EC4B06700C39CEB /* line.png */ = {isa = PBXFileReference; lastKnownFileType = image.png; path = line.png; sourceTree = "<group>"; };
		1844EF291EC4B06700C39CEB /* mask.jpg */ = {isa = PBXFileReference; lastKnownFileType = image.jpeg; path = mask.jpg; sourceTree = "<group>"; };
		1844EF2A1EC4B06700C39CEB /* restrictedshine.tiff */ = {isa = PBXFileReference; lastKnownFileType = image.tiff; path = restrictedshine.tiff; sourceTree = "<group>"; };
		1844EF2C1EC4B06700C39CEB /* XWCircleSpreadAnimator.h */ = {isa = PBXFileReference; fileEncoding = 4; lastKnownFileType = sourcecode.c.h; path = XWCircleSpreadAnimator.h; sourceTree = "<group>"; };
		1844EF2D1EC4B06700C39CEB /* XWCircleSpreadAnimator.m */ = {isa = PBXFileReference; fileEncoding = 4; lastKnownFileType = sourcecode.c.objc; path = XWCircleSpreadAnimator.m; sourceTree = "<group>"; };
		1844EF2F1EC4B06700C39CEB /* XWCoolAnimator+XWExplode.h */ = {isa = PBXFileReference; fileEncoding = 4; lastKnownFileType = sourcecode.c.h; path = "XWCoolAnimator+XWExplode.h"; sourceTree = "<group>"; };
		1844EF301EC4B06700C39CEB /* XWCoolAnimator+XWExplode.m */ = {isa = PBXFileReference; fileEncoding = 4; lastKnownFileType = sourcecode.c.objc; path = "XWCoolAnimator+XWExplode.m"; sourceTree = "<group>"; };
		1844EF311EC4B06700C39CEB /* XWCoolAnimator+XWFold.h */ = {isa = PBXFileReference; fileEncoding = 4; lastKnownFileType = sourcecode.c.h; path = "XWCoolAnimator+XWFold.h"; sourceTree = "<group>"; };
		1844EF321EC4B06700C39CEB /* XWCoolAnimator+XWFold.m */ = {isa = PBXFileReference; fileEncoding = 4; lastKnownFileType = sourcecode.c.objc; path = "XWCoolAnimator+XWFold.m"; sourceTree = "<group>"; };
		1844EF331EC4B06700C39CEB /* XWCoolAnimator+XWLines.h */ = {isa = PBXFileReference; fileEncoding = 4; lastKnownFileType = sourcecode.c.h; path = "XWCoolAnimator+XWLines.h"; sourceTree = "<group>"; };
		1844EF341EC4B06700C39CEB /* XWCoolAnimator+XWLines.m */ = {isa = PBXFileReference; fileEncoding = 4; lastKnownFileType = sourcecode.c.objc; path = "XWCoolAnimator+XWLines.m"; sourceTree = "<group>"; };
		1844EF351EC4B06700C39CEB /* XWCoolAnimator+XWMiddlePageFlip.h */ = {isa = PBXFileReference; fileEncoding = 4; lastKnownFileType = sourcecode.c.h; path = "XWCoolAnimator+XWMiddlePageFlip.h"; sourceTree = "<group>"; };
		1844EF361EC4B06700C39CEB /* XWCoolAnimator+XWMiddlePageFlip.m */ = {isa = PBXFileReference; fileEncoding = 4; lastKnownFileType = sourcecode.c.objc; path = "XWCoolAnimator+XWMiddlePageFlip.m"; sourceTree = "<group>"; };
		1844EF371EC4B06700C39CEB /* XWCoolAnimator+XWPageFlip.h */ = {isa = PBXFileReference; fileEncoding = 4; lastKnownFileType = sourcecode.c.h; path = "XWCoolAnimator+XWPageFlip.h"; sourceTree = "<group>"; };
		1844EF381EC4B06700C39CEB /* XWCoolAnimator+XWPageFlip.m */ = {isa = PBXFileReference; fileEncoding = 4; lastKnownFileType = sourcecode.c.objc; path = "XWCoolAnimator+XWPageFlip.m"; sourceTree = "<group>"; };
		1844EF391EC4B06700C39CEB /* XWCoolAnimator+XWPortal.h */ = {isa = PBXFileReference; fileEncoding = 4; lastKnownFileType = sourcecode.c.h; path = "XWCoolAnimator+XWPortal.h"; sourceTree = "<group>"; };
		1844EF3A1EC4B06700C39CEB /* XWCoolAnimator+XWPortal.m */ = {isa = PBXFileReference; fileEncoding = 4; lastKnownFileType = sourcecode.c.objc; path = "XWCoolAnimator+XWPortal.m"; sourceTree = "<group>"; };
		1844EF3B1EC4B06700C39CEB /* XWCoolAnimator+XWScanning.h */ = {isa = PBXFileReference; fileEncoding = 4; lastKnownFileType = sourcecode.c.h; path = "XWCoolAnimator+XWScanning.h"; sourceTree = "<group>"; };
		1844EF3C1EC4B06700C39CEB /* XWCoolAnimator+XWScanning.m */ = {isa = PBXFileReference; fileEncoding = 4; lastKnownFileType = sourcecode.c.objc; path = "XWCoolAnimator+XWScanning.m"; sourceTree = "<group>"; };
		1844EF3D1EC4B06700C39CEB /* XWCoolAnimator.h */ = {isa = PBXFileReference; fileEncoding = 4; lastKnownFileType = sourcecode.c.h; path = XWCoolAnimator.h; sourceTree = "<group>"; };
		1844EF3E1EC4B06700C39CEB /* XWCoolAnimator.m */ = {isa = PBXFileReference; fileEncoding = 4; lastKnownFileType = sourcecode.c.objc; path = XWCoolAnimator.m; sourceTree = "<group>"; };
		1844EF401EC4B06700C39CEB /* XWDrawerAnimator.h */ = {isa = PBXFileReference; fileEncoding = 4; lastKnownFileType = sourcecode.c.h; path = XWDrawerAnimator.h; sourceTree = "<group>"; };
		1844EF411EC4B06700C39CEB /* XWDrawerAnimator.m */ = {isa = PBXFileReference; fileEncoding = 4; lastKnownFileType = sourcecode.c.objc; path = XWDrawerAnimator.m; sourceTree = "<group>"; };
		1844EF431EC4B06700C39CEB /* XWFilterAnimator+XWBarSwipe.h */ = {isa = PBXFileReference; fileEncoding = 4; lastKnownFileType = sourcecode.c.h; path = "XWFilterAnimator+XWBarSwipe.h"; sourceTree = "<group>"; };
		1844EF441EC4B06700C39CEB /* XWFilterAnimator+XWBarSwipe.m */ = {isa = PBXFileReference; fileEncoding = 4; lastKnownFileType = sourcecode.c.objc; path = "XWFilterAnimator+XWBarSwipe.m"; sourceTree = "<group>"; };
		1844EF451EC4B06700C39CEB /* XWFilterAnimator+XWBoxBlur.h */ = {isa = PBXFileReference; fileEncoding = 4; lastKnownFileType = sourcecode.c.h; path = "XWFilterAnimator+XWBoxBlur.h"; sourceTree = "<group>"; };
		1844EF461EC4B06700C39CEB /* XWFilterAnimator+XWBoxBlur.m */ = {isa = PBXFileReference; fileEncoding = 4; lastKnownFileType = sourcecode.c.objc; path = "XWFilterAnimator+XWBoxBlur.m"; sourceTree = "<group>"; };
		1844EF471EC4B06700C39CEB /* XWFilterAnimator+XWCopyMachine.h */ = {isa = PBXFileReference; fileEncoding = 4; lastKnownFileType = sourcecode.c.h; path = "XWFilterAnimator+XWCopyMachine.h"; sourceTree = "<group>"; };
		1844EF481EC4B06700C39CEB /* XWFilterAnimator+XWCopyMachine.m */ = {isa = PBXFileReference; fileEncoding = 4; lastKnownFileType = sourcecode.c.objc; path = "XWFilterAnimator+XWCopyMachine.m"; sourceTree = "<group>"; };
		1844EF491EC4B06700C39CEB /* XWFilterAnimator+XWFlash.h */ = {isa = PBXFileReference; fileEncoding = 4; lastKnownFileType = sourcecode.c.h; path = "XWFilterAnimator+XWFlash.h"; sourceTree = "<group>"; };
		1844EF4A1EC4B06700C39CEB /* XWFilterAnimator+XWFlash.m */ = {isa = PBXFileReference; fileEncoding = 4; lastKnownFileType = sourcecode.c.objc; path = "XWFilterAnimator+XWFlash.m"; sourceTree = "<group>"; };
		1844EF4B1EC4B06700C39CEB /* XWFilterAnimator+XWMask.h */ = {isa = PBXFileReference; fileEncoding = 4; lastKnownFileType = sourcecode.c.h; path = "XWFilterAnimator+XWMask.h"; sourceTree = "<group>"; };
		1844EF4C1EC4B06700C39CEB /* XWFilterAnimator+XWMask.m */ = {isa = PBXFileReference; fileEncoding = 4; lastKnownFileType = sourcecode.c.objc; path = "XWFilterAnimator+XWMask.m"; sourceTree = "<group>"; };
		1844EF4D1EC4B06700C39CEB /* XWFilterAnimator+XWMod.h */ = {isa = PBXFileReference; fileEncoding = 4; lastKnownFileType = sourcecode.c.h; path = "XWFilterAnimator+XWMod.h"; sourceTree = "<group>"; };
		1844EF4E1EC4B06700C39CEB /* XWFilterAnimator+XWMod.m */ = {isa = PBXFileReference; fileEncoding = 4; lastKnownFileType = sourcecode.c.objc; path = "XWFilterAnimator+XWMod.m"; sourceTree = "<group>"; };
		1844EF4F1EC4B06700C39CEB /* XWFilterAnimator+XWPageCurl.h */ = {isa = PBXFileReference; fileEncoding = 4; lastKnownFileType = sourcecode.c.h; path = "XWFilterAnimator+XWPageCurl.h"; sourceTree = "<group>"; };
		1844EF501EC4B06700C39CEB /* XWFilterAnimator+XWPageCurl.m */ = {isa = PBXFileReference; fileEncoding = 4; lastKnownFileType = sourcecode.c.objc; path = "XWFilterAnimator+XWPageCurl.m"; sourceTree = "<group>"; };
		1844EF511EC4B06700C39CEB /* XWFilterAnimator+XWRipple.h */ = {isa = PBXFileReference; fileEncoding = 4; lastKnownFileType = sourcecode.c.h; path = "XWFilterAnimator+XWRipple.h"; sourceTree = "<group>"; };
		1844EF521EC4B06700C39CEB /* XWFilterAnimator+XWRipple.m */ = {isa = PBXFileReference; fileEncoding = 4; lastKnownFileType = sourcecode.c.objc; path = "XWFilterAnimator+XWRipple.m"; sourceTree = "<group>"; };
		1844EF531EC4B06700C39CEB /* XWFilterAnimator+XWSwipe.h */ = {isa = PBXFileReference; fileEncoding = 4; lastKnownFileType = sourcecode.c.h; path = "XWFilterAnimator+XWSwipe.h"; sourceTree = "<group>"; };
		1844EF541EC4B06700C39CEB /* XWFilterAnimator+XWSwipe.m */ = {isa = PBXFileReference; fileEncoding = 4; lastKnownFileType = sourcecode.c.objc; path = "XWFilterAnimator+XWSwipe.m"; sourceTree = "<group>"; };
		1844EF551EC4B06700C39CEB /* XWFilterAnimator.h */ = {isa = PBXFileReference; fileEncoding = 4; lastKnownFileType = sourcecode.c.h; path = XWFilterAnimator.h; sourceTree = "<group>"; };
		1844EF561EC4B06700C39CEB /* XWFilterAnimator.m */ = {isa = PBXFileReference; fileEncoding = 4; lastKnownFileType = sourcecode.c.objc; path = XWFilterAnimator.m; sourceTree = "<group>"; };
		1844EF571EC4B06700C39CEB /* XWFilterTransitionView.h */ = {isa = PBXFileReference; fileEncoding = 4; lastKnownFileType = sourcecode.c.h; path = XWFilterTransitionView.h; sourceTree = "<group>"; };
		1844EF581EC4B06700C39CEB /* XWFilterTransitionView.m */ = {isa = PBXFileReference; fileEncoding = 4; lastKnownFileType = sourcecode.c.objc; path = XWFilterTransitionView.m; sourceTree = "<group>"; };
		1844EF5A1EC4B06700C39CEB /* XWMagicMoveAnimator.h */ = {isa = PBXFileReference; fileEncoding = 4; lastKnownFileType = sourcecode.c.h; path = XWMagicMoveAnimator.h; sourceTree = "<group>"; };
		1844EF5B1EC4B06700C39CEB /* XWMagicMoveAnimator.m */ = {isa = PBXFileReference; fileEncoding = 4; lastKnownFileType = sourcecode.c.objc; path = XWMagicMoveAnimator.m; sourceTree = "<group>"; };
		187E67861E7D793000722607 /* CDDStoreDemo.app */ = {isa = PBXFileReference; explicitFileType = wrapper.application; includeInIndex = 0; path = CDDStoreDemo.app; sourceTree = BUILT_PRODUCTS_DIR; };
		187E678A1E7D793100722607 /* main.m */ = {isa = PBXFileReference; lastKnownFileType = sourcecode.c.objc; path = main.m; sourceTree = "<group>"; };
		187E67951E7D793100722607 /* Assets.xcassets */ = {isa = PBXFileReference; lastKnownFileType = folder.assetcatalog; path = Assets.xcassets; sourceTree = "<group>"; };
		187E67981E7D793100722607 /* Base */ = {isa = PBXFileReference; lastKnownFileType = file.storyboard; name = Base; path = Base.lproj/LaunchScreen.storyboard; sourceTree = "<group>"; };
		187E679A1E7D793100722607 /* Info.plist */ = {isa = PBXFileReference; lastKnownFileType = text.plist.xml; path = Info.plist; sourceTree = "<group>"; };
		187E679F1E7D793100722607 /* CDDStoreDemoTests.xctest */ = {isa = PBXFileReference; explicitFileType = wrapper.cfbundle; includeInIndex = 0; path = CDDStoreDemoTests.xctest; sourceTree = BUILT_PRODUCTS_DIR; };
		187E67A31E7D793100722607 /* CDDStoreDemoTests.m */ = {isa = PBXFileReference; lastKnownFileType = sourcecode.c.objc; path = CDDStoreDemoTests.m; sourceTree = "<group>"; };
		187E67A51E7D793100722607 /* Info.plist */ = {isa = PBXFileReference; lastKnownFileType = text.plist.xml; path = Info.plist; sourceTree = "<group>"; };
		187E67AA1E7D793100722607 /* CDDStoreDemoUITests.xctest */ = {isa = PBXFileReference; explicitFileType = wrapper.cfbundle; includeInIndex = 0; path = CDDStoreDemoUITests.xctest; sourceTree = BUILT_PRODUCTS_DIR; };
		187E67AE1E7D793100722607 /* CDDStoreDemoUITests.m */ = {isa = PBXFileReference; lastKnownFileType = sourcecode.c.objc; path = CDDStoreDemoUITests.m; sourceTree = "<group>"; };
		187E67B01E7D793100722607 /* Info.plist */ = {isa = PBXFileReference; lastKnownFileType = text.plist.xml; path = Info.plist; sourceTree = "<group>"; };
		18E8F6BC1E818A7100D6F275 /* StoreBase.plist */ = {isa = PBXFileReference; fileEncoding = 4; lastKnownFileType = text.plist.xml; path = StoreBase.plist; sourceTree = "<group>"; };
		18F8C4DF1E7F95AA00AB2070 /* MallShops.plist */ = {isa = PBXFileReference; fileEncoding = 4; lastKnownFileType = text.plist.xml; path = MallShops.plist; sourceTree = "<group>"; };
		B6042526F9488CF29434ADDB /* Pods-CDDStoreDemo.debug.xcconfig */ = {isa = PBXFileReference; includeInIndex = 1; lastKnownFileType = text.xcconfig; name = "Pods-CDDStoreDemo.debug.xcconfig"; path = "Pods/Target Support Files/Pods-CDDStoreDemo/Pods-CDDStoreDemo.debug.xcconfig"; sourceTree = "<group>"; };
		D28CF44E5CEBF6947E889711 /* libPods-CDDStoreDemo.a */ = {isa = PBXFileReference; explicitFileType = archive.ar; includeInIndex = 0; path = "libPods-CDDStoreDemo.a"; sourceTree = BUILT_PRODUCTS_DIR; };
		F3736E949C41228120EF9FC0 /* Pods-CDDStoreDemo.release.xcconfig */ = {isa = PBXFileReference; includeInIndex = 1; lastKnownFileType = text.xcconfig; name = "Pods-CDDStoreDemo.release.xcconfig"; path = "Pods/Target Support Files/Pods-CDDStoreDemo/Pods-CDDStoreDemo.release.xcconfig"; sourceTree = "<group>"; };
/* End PBXFileReference section */

/* Begin PBXFrameworksBuildPhase section */
		187E67831E7D793000722607 /* Frameworks */ = {
			isa = PBXFrameworksBuildPhase;
			buildActionMask = 2147483647;
			files = (
				B4BD6CD985407C4066CE3D78 /* libPods-CDDStoreDemo.a in Frameworks */,
			);
			runOnlyForDeploymentPostprocessing = 0;
		};
		187E679C1E7D793100722607 /* Frameworks */ = {
			isa = PBXFrameworksBuildPhase;
			buildActionMask = 2147483647;
			files = (
			);
			runOnlyForDeploymentPostprocessing = 0;
		};
		187E67A71E7D793100722607 /* Frameworks */ = {
			isa = PBXFrameworksBuildPhase;
			buildActionMask = 2147483647;
			files = (
			);
			runOnlyForDeploymentPostprocessing = 0;
		};
/* End PBXFrameworksBuildPhase section */

/* Begin PBXGroup section */
		1844EDD01EC4AF5D00C39CEB /* Class */ = {
			isa = PBXGroup;
			children = (
				1844EDD11EC4AF5D00C39CEB /* Main */,
				1844EE5C1EC4AF5D00C39CEB /* Store(商城) */,
				1844EE541EC4AF5D00C39CEB /* ShopCar(购物车) */,
				1844EE4C1EC4AF5D00C39CEB /* Preson(个人) */,
				1844EDD81EC4AF5D00C39CEB /* Others(其他) */,
			);
			path = Class;
			sourceTree = "<group>";
		};
		1844EDD11EC4AF5D00C39CEB /* Main */ = {
			isa = PBXGroup;
			children = (
				1844EDD21EC4AF5D00C39CEB /* AppDelegate.h */,
				1844EDD31EC4AF5D00C39CEB /* AppDelegate.m */,
				1844EDD41EC4AF5D00C39CEB /* DCNavigationController.h */,
				1844EDD51EC4AF5D00C39CEB /* DCNavigationController.m */,
				1844EDD61EC4AF5D00C39CEB /* DCTabBarViewController.h */,
				1844EDD71EC4AF5D00C39CEB /* DCTabBarViewController.m */,
			);
			path = Main;
			sourceTree = "<group>";
		};
		1844EDD81EC4AF5D00C39CEB /* Others(其他) */ = {
			isa = PBXGroup;
			children = (
				1844EF0A1EC4B06700C39CEB /* Tools */,
				1844EDD91EC4AF5D00C39CEB /* Other */,
				1844EE451EC4AF5D00C39CEB /* View */,
			);
			path = "Others(其他)";
			sourceTree = "<group>";
		};
		1844EDD91EC4AF5D00C39CEB /* Other */ = {
			isa = PBXGroup;
			children = (
				1844EDDA1EC4AF5D00C39CEB /* DCConsts.h */,
				1844EDDB1EC4AF5D00C39CEB /* DCConsts.m */,
				1844EDDC1EC4AF5D00C39CEB /* DCSpeedy.h */,
				1844EDDD1EC4AF5D00C39CEB /* DCSpeedy.m */,
				1844EDDE1EC4AF5D00C39CEB /* UIBarButtonItem+DCBarButtonItem.h */,
				1844EDDF1EC4AF5D00C39CEB /* UIBarButtonItem+DCBarButtonItem.m */,
				1844EDE01EC4AF5D00C39CEB /* UIButton+Bootstrap.h */,
				1844EDE11EC4AF5D00C39CEB /* UIButton+Bootstrap.m */,
				1844EDE21EC4AF5D00C39CEB /* UIView+DCExtension.h */,
				1844EDE31EC4AF5D00C39CEB /* UIView+DCExtension.m */,
			);
			path = Other;
			sourceTree = "<group>";
		};
		1844EE451EC4AF5D00C39CEB /* View */ = {
			isa = PBXGroup;
			children = (
				1844EE461EC4AF5D00C39CEB /* DCNavigationTabBar.h */,
				1844EE471EC4AF5D00C39CEB /* DCNavigationTabBar.m */,
				1844EE481EC4AF5D00C39CEB /* DCShopItemView.h */,
				1844EE491EC4AF5D00C39CEB /* DCShopItemView.m */,
				1844EE4A1EC4AF5D00C39CEB /* DCStoreButton.h */,
				1844EE4B1EC4AF5D00C39CEB /* DCStoreButton.m */,
			);
			path = View;
			sourceTree = "<group>";
		};
		1844EE4C1EC4AF5D00C39CEB /* Preson(个人) */ = {
			isa = PBXGroup;
			children = (
				1844EE4D1EC4AF5D00C39CEB /* Controller */,
				1844EE501EC4AF5D00C39CEB /* Model */,
				1844EE521EC4AF5D00C39CEB /* View */,
			);
			path = "Preson(个人)";
			sourceTree = "<group>";
		};
		1844EE4D1EC4AF5D00C39CEB /* Controller */ = {
			isa = PBXGroup;
			children = (
				1844EE4E1EC4AF5D00C39CEB /* DCMineViewController.h */,
				1844EE4F1EC4AF5D00C39CEB /* DCMineViewController.m */,
			);
			path = Controller;
			sourceTree = "<group>";
		};
		1844EE501EC4AF5D00C39CEB /* Model */ = {
			isa = PBXGroup;
			children = (
				1844EE511EC4AF5D00C39CEB /* .gitignore */,
			);
			path = Model;
			sourceTree = "<group>";
		};
		1844EE521EC4AF5D00C39CEB /* View */ = {
			isa = PBXGroup;
			children = (
				1844EE531EC4AF5D00C39CEB /* .gitignore */,
			);
			path = View;
			sourceTree = "<group>";
		};
		1844EE541EC4AF5D00C39CEB /* ShopCar(购物车) */ = {
			isa = PBXGroup;
			children = (
				1844EE551EC4AF5D00C39CEB /* Controller */,
				1844EE581EC4AF5D00C39CEB /* Model */,
				1844EE5A1EC4AF5D00C39CEB /* View */,
			);
			path = "ShopCar(购物车)";
			sourceTree = "<group>";
		};
		1844EE551EC4AF5D00C39CEB /* Controller */ = {
			isa = PBXGroup;
			children = (
				1844EE561EC4AF5D00C39CEB /* DCShopCarViewController.h */,
				1844EE571EC4AF5D00C39CEB /* DCShopCarViewController.m */,
			);
			path = Controller;
			sourceTree = "<group>";
		};
		1844EE581EC4AF5D00C39CEB /* Model */ = {
			isa = PBXGroup;
			children = (
				1844EE591EC4AF5D00C39CEB /* .gitignore */,
			);
			path = Model;
			sourceTree = "<group>";
		};
		1844EE5A1EC4AF5D00C39CEB /* View */ = {
			isa = PBXGroup;
			children = (
				1844EE5B1EC4AF5D00C39CEB /* .gitignore */,
			);
			path = View;
			sourceTree = "<group>";
		};
		1844EE5C1EC4AF5D00C39CEB /* Store(商城) */ = {
			isa = PBXGroup;
			children = (
				1844EE5D1EC4AF5D00C39CEB /* Detail */,
				1844EE871EC4AF5D00C39CEB /* Main */,
				1844EEA51EC4AF5D00C39CEB /* Pay */,
			);
			path = "Store(商城)";
			sourceTree = "<group>";
		};
		1844EE5D1EC4AF5D00C39CEB /* Detail */ = {
			isa = PBXGroup;
			children = (
				1844EE5E1EC4AF5D00C39CEB /* Controller */,
				1844EE711EC4AF5D00C39CEB /* Model */,
				1844EE7A1EC4AF5D00C39CEB /* View */,
			);
			path = Detail;
			sourceTree = "<group>";
		};
		1844EE5E1EC4AF5D00C39CEB /* Controller */ = {
			isa = PBXGroup;
			children = (
				1844EE5F1EC4AF5D00C39CEB /* Comment(评论) */,
				1844EE621EC4AF5D00C39CEB /* Detail(详情) */,
				1844EE651EC4AF5D00C39CEB /* Shops(商品) */,
			);
			path = Controller;
			sourceTree = "<group>";
		};
		1844EE5F1EC4AF5D00C39CEB /* Comment(评论) */ = {
			isa = PBXGroup;
			children = (
				1844EE601EC4AF5D00C39CEB /* DCStoreCommentViewController.h */,
				1844EE611EC4AF5D00C39CEB /* DCStoreCommentViewController.m */,
			);
			path = "Comment(评论)";
			sourceTree = "<group>";
		};
		1844EE621EC4AF5D00C39CEB /* Detail(详情) */ = {
			isa = PBXGroup;
			children = (
				1844EE631EC4AF5D00C39CEB /* DCStoreIntroduceViewController.h */,
				1844EE641EC4AF5D00C39CEB /* DCStoreIntroduceViewController.m */,
			);
			path = "Detail(详情)";
			sourceTree = "<group>";
		};
		1844EE651EC4AF5D00C39CEB /* Shops(商品) */ = {
			isa = PBXGroup;
			children = (
				1844EE661EC4AF5D00C39CEB /* DCBaseViewController.h */,
				1844EE671EC4AF5D00C39CEB /* DCBaseViewController.m */,
				1844EE681EC4AF5D00C39CEB /* DCShareViewController.h */,
				1844EE691EC4AF5D00C39CEB /* DCShareViewController.m */,
				1844EE6A1EC4AF5D00C39CEB /* DCStoreItemSelectViewController.h */,
				1844EE6B1EC4AF5D00C39CEB /* DCStoreItemSelectViewController.m */,
				1844EE6C1EC4AF5D00C39CEB /* DCStoreMainViewController.h */,
				1844EE6D1EC4AF5D00C39CEB /* DCStoreMainViewController.m */,
				1844EE6E1EC4AF5D00C39CEB /* 商品属性新构思 */,
			);
			path = "Shops(商品)";
			sourceTree = "<group>";
		};
		1844EE6E1EC4AF5D00C39CEB /* 商品属性新构思 */ = {
			isa = PBXGroup;
			children = (
				1844EE6F1EC4AF5D00C39CEB /* DCStoreAttributeItemsViewController.h */,
				1844EE701EC4AF5D00C39CEB /* DCStoreAttributeItemsViewController.m */,
			);
			path = "商品属性新构思";
			sourceTree = "<group>";
		};
		1844EE711EC4AF5D00C39CEB /* Model */ = {
			isa = PBXGroup;
			children = (
				1844EE721EC4AF5D00C39CEB /* DCBaseItem.h */,
				1844EE731EC4AF5D00C39CEB /* DCBaseItem.m */,
				1844EE741EC4AF5D00C39CEB /* DCStore_attr.h */,
				1844EE751EC4AF5D00C39CEB /* DCStore_attr.m */,
				1844EE761EC4AF5D00C39CEB /* DCStore_list.h */,
				1844EE771EC4AF5D00C39CEB /* DCStore_list.m */,
				1844EE781EC4AF5D00C39CEB /* DCStoreAttribute.h */,
				1844EE791EC4AF5D00C39CEB /* DCStoreAttribute.m */,
			);
			path = Model;
			sourceTree = "<group>";
		};
		1844EE7A1EC4AF5D00C39CEB /* View */ = {
			isa = PBXGroup;
			children = (
				1844EE7B1EC4AF5D00C39CEB /* DCAdExCell.h */,
				1844EE7C1EC4AF5D00C39CEB /* DCAdExCell.m */,
				1844EE7D1EC4AF5D00C39CEB /* DCAdExCell.xib */,
				1844EE7E1EC4AF5D00C39CEB /* DCBaseServiceCell.h */,
				1844EE7F1EC4AF5D00C39CEB /* DCBaseServiceCell.m */,
				1844EE801EC4AF5D00C39CEB /* DCBaseServiceCell.xib */,
				1844EE811EC4AF5D00C39CEB /* DCIntroduceSelectCell.h */,
				1844EE821EC4AF5D00C39CEB /* DCIntroduceSelectCell.m */,
				1844EE831EC4AF5D00C39CEB /* DCIntroduceSelectCell.xib */,
				1844EE841EC4AF5D00C39CEB /* DCStoreHeadPriceCell.h */,
				1844EE851EC4AF5D00C39CEB /* DCStoreHeadPriceCell.m */,
				1844EE861EC4AF5D00C39CEB /* DCStoreHeadPriceCell.xib */,
			);
			path = View;
			sourceTree = "<group>";
		};
		1844EE871EC4AF5D00C39CEB /* Main */ = {
			isa = PBXGroup;
			children = (
				1844EE881EC4AF5D00C39CEB /* Controller */,
				1844EE941EC4AF5D00C39CEB /* Model */,
				1844EE971EC4AF5D00C39CEB /* View */,
			);
			path = Main;
			sourceTree = "<group>";
		};
		1844EE881EC4AF5D00C39CEB /* Controller */ = {
			isa = PBXGroup;
			children = (
				1844EE8E1EC4AF5D00C39CEB /* DCStoreDetailViewController.m */,
				1844EE8F1EC4AF5D00C39CEB /* DCStoreViewController.h */,
				1844EE891EC4AF5D00C39CEB /* DCCustomViewController.h */,
				1844EE8A1EC4AF5D00C39CEB /* DCCustomViewController.m */,
				1844EE8B1EC4AF5D00C39CEB /* DCStoreCollectionViewController.h */,
				1844EE8C1EC4AF5D00C39CEB /* DCStoreCollectionViewController.m */,
				1844EE8D1EC4AF5D00C39CEB /* DCStoreDetailViewController.h */,
				1844EE901EC4AF5D00C39CEB /* DCStoreViewController.m */,
				1844EE911EC4AF5D00C39CEB /* DCWebViewController.h */,
				1844EE921EC4AF5D00C39CEB /* DCWebViewController.m */,
				1844EE931EC4AF5D00C39CEB /* DCWebViewController.xib */,
			);
			path = Controller;
			sourceTree = "<group>";
		};
		1844EE941EC4AF5D00C39CEB /* Model */ = {
			isa = PBXGroup;
			children = (
				1844EE951EC4AF5D00C39CEB /* DCStoreItem.h */,
				1844EE961EC4AF5D00C39CEB /* DCStoreItem.m */,
			);
			path = Model;
			sourceTree = "<group>";
		};
		1844EE971EC4AF5D00C39CEB /* View */ = {
			isa = PBXGroup;
			children = (
				1844EE981EC4AF5D00C39CEB /* DCPayWayCell.h */,
				1844EE991EC4AF5D00C39CEB /* DCPayWayCell.m */,
				1844EE9A1EC4AF5D00C39CEB /* DCStoreCollectionViewCell.h */,
				1844EE9B1EC4AF5D00C39CEB /* DCStoreCollectionViewCell.m */,
				1844EE9C1EC4AF5D00C39CEB /* DCStoreCoverLabel.h */,
				1844EE9D1EC4AF5D00C39CEB /* DCStoreCoverLabel.m */,
				1844EE9E1EC4AF5D00C39CEB /* DCStoreGridCollectionCell.h */,
				1844EE9F1EC4AF5D00C39CEB /* DCStoreGridCollectionCell.m */,
				1844EEA01EC4AF5D00C39CEB /* DCStoreGridFlowLayout.h */,
				1844EEA11EC4AF5D00C39CEB /* DCStoreGridFlowLayout.m */,
				1844EEA21EC4AF5D00C39CEB /* DCStoreItemCell.h */,
				1844EEA31EC4AF5D00C39CEB /* DCStoreItemCell.m */,
				1844EEA41EC4AF5D00C39CEB /* DCStoreItemCell.xib */,
			);
			path = View;
			sourceTree = "<group>";
		};
		1844EEA51EC4AF5D00C39CEB /* Pay */ = {
			isa = PBXGroup;
			children = (
				1844EEA61EC4AF5D00C39CEB /* DCSureOrderViewController.h */,
				1844EEA71EC4AF5D00C39CEB /* DCSureOrderViewController.m */,
				1844EEA81EC4AF5D00C39CEB /* DCSureOrderViewController.xib */,
				1844EEA91EC4AF5D00C39CEB /* DCUserPayViewController.h */,
				1844EEAA1EC4AF5D00C39CEB /* DCUserPayViewController.m */,
			);
			path = Pay;
			sourceTree = "<group>";
		};
		1844EF0A1EC4B06700C39CEB /* Tools */ = {
			isa = PBXGroup;
			children = (
				1844EF0B1EC4B06700C39CEB /* AlertViewManager */,
				1844EF111EC4B06700C39CEB /* PPNumberButton */,
				1844EF141EC4B06700C39CEB /* StoreCar */,
				1844EF1A1EC4B06700C39CEB /* XWTransition */,
			);
			path = Tools;
			sourceTree = "<group>";
		};
		1844EF0B1EC4B06700C39CEB /* AlertViewManager */ = {
			isa = PBXGroup;
			children = (
				1844EF0C1EC4B06700C39CEB /* UIPlaceHolderTextView */,
				1844EF0F1EC4B06700C39CEB /* WJYAlertView.h */,
				1844EF101EC4B06700C39CEB /* WJYAlertView.m */,
			);
			path = AlertViewManager;
			sourceTree = "<group>";
		};
		1844EF0C1EC4B06700C39CEB /* UIPlaceHolderTextView */ = {
			isa = PBXGroup;
			children = (
				1844EF0D1EC4B06700C39CEB /* UIPlaceHolderTextView.h */,
				1844EF0E1EC4B06700C39CEB /* UIPlaceHolderTextView.m */,
			);
			path = UIPlaceHolderTextView;
			sourceTree = "<group>";
		};
		1844EF111EC4B06700C39CEB /* PPNumberButton */ = {
			isa = PBXGroup;
			children = (
				1844EF121EC4B06700C39CEB /* PPNumberButton.h */,
				1844EF131EC4B06700C39CEB /* PPNumberButton.m */,
			);
			path = PPNumberButton;
			sourceTree = "<group>";
		};
		1844EF141EC4B06700C39CEB /* StoreCar */ = {
			isa = PBXGroup;
			children = (
				1844EF151EC4B06700C39CEB /* CAAnimation+WAnimation.h */,
				1844EF161EC4B06700C39CEB /* CAAnimation+WAnimation.m */,
				1844EF171EC4B06700C39CEB /* UIView+WZLBadge.h */,
				1844EF181EC4B06700C39CEB /* UIView+WZLBadge.m */,
				1844EF191EC4B06700C39CEB /* WZLBadgeProtocol.h */,
			);
			path = StoreCar;
			sourceTree = "<group>";
		};
		1844EF1A1EC4B06700C39CEB /* XWTransition */ = {
			isa = PBXGroup;
			children = (
				1844EF1B1EC4B06700C39CEB /* Category */,
				1844EF221EC4B06700C39CEB /* Main */,
				1844EF271EC4B06700C39CEB /* Resoures */,
				1844EF2B1EC4B06700C39CEB /* XWCircleSpreadAnimator */,
				1844EF2E1EC4B06700C39CEB /* XWCoolAnimator */,
				1844EF3F1EC4B06700C39CEB /* XWDrawerAnimator */,
				1844EF421EC4B06700C39CEB /* XWFilterAnimator */,
				1844EF591EC4B06700C39CEB /* XWMagicMoveAnimator */,
			);
			path = XWTransition;
			sourceTree = "<group>";
		};
		1844EF1B1EC4B06700C39CEB /* Category */ = {
			isa = PBXGroup;
			children = (
				1844EF1C1EC4B06700C39CEB /* UINavigationController+XWTransition.h */,
				1844EF1D1EC4B06700C39CEB /* UINavigationController+XWTransition.m */,
				1844EF1E1EC4B06700C39CEB /* UIView+Snapshot.h */,
				1844EF1F1EC4B06700C39CEB /* UIView+Snapshot.m */,
				1844EF201EC4B06700C39CEB /* UIViewController+XWTransition.h */,
				1844EF211EC4B06700C39CEB /* UIViewController+XWTransition.m */,
			);
			path = Category;
			sourceTree = "<group>";
		};
		1844EF221EC4B06700C39CEB /* Main */ = {
			isa = PBXGroup;
			children = (
				1844EF231EC4B06700C39CEB /* XWInteractiveTransition.h */,
				1844EF241EC4B06700C39CEB /* XWInteractiveTransition.m */,
				1844EF251EC4B06700C39CEB /* XWTransitionAnimator.h */,
				1844EF261EC4B06700C39CEB /* XWTransitionAnimator.m */,
			);
			path = Main;
			sourceTree = "<group>";
		};
		1844EF271EC4B06700C39CEB /* Resoures */ = {
			isa = PBXGroup;
			children = (
				1844EF281EC4B06700C39CEB /* line.png */,
				1844EF291EC4B06700C39CEB /* mask.jpg */,
				1844EF2A1EC4B06700C39CEB /* restrictedshine.tiff */,
			);
			path = Resoures;
			sourceTree = "<group>";
		};
		1844EF2B1EC4B06700C39CEB /* XWCircleSpreadAnimator */ = {
			isa = PBXGroup;
			children = (
				1844EF2C1EC4B06700C39CEB /* XWCircleSpreadAnimator.h */,
				1844EF2D1EC4B06700C39CEB /* XWCircleSpreadAnimator.m */,
			);
			path = XWCircleSpreadAnimator;
			sourceTree = "<group>";
		};
		1844EF2E1EC4B06700C39CEB /* XWCoolAnimator */ = {
			isa = PBXGroup;
			children = (
				1844EF2F1EC4B06700C39CEB /* XWCoolAnimator+XWExplode.h */,
				1844EF301EC4B06700C39CEB /* XWCoolAnimator+XWExplode.m */,
				1844EF311EC4B06700C39CEB /* XWCoolAnimator+XWFold.h */,
				1844EF321EC4B06700C39CEB /* XWCoolAnimator+XWFold.m */,
				1844EF331EC4B06700C39CEB /* XWCoolAnimator+XWLines.h */,
				1844EF341EC4B06700C39CEB /* XWCoolAnimator+XWLines.m */,
				1844EF351EC4B06700C39CEB /* XWCoolAnimator+XWMiddlePageFlip.h */,
				1844EF361EC4B06700C39CEB /* XWCoolAnimator+XWMiddlePageFlip.m */,
				1844EF371EC4B06700C39CEB /* XWCoolAnimator+XWPageFlip.h */,
				1844EF381EC4B06700C39CEB /* XWCoolAnimator+XWPageFlip.m */,
				1844EF391EC4B06700C39CEB /* XWCoolAnimator+XWPortal.h */,
				1844EF3A1EC4B06700C39CEB /* XWCoolAnimator+XWPortal.m */,
				1844EF3B1EC4B06700C39CEB /* XWCoolAnimator+XWScanning.h */,
				1844EF3C1EC4B06700C39CEB /* XWCoolAnimator+XWScanning.m */,
				1844EF3D1EC4B06700C39CEB /* XWCoolAnimator.h */,
				1844EF3E1EC4B06700C39CEB /* XWCoolAnimator.m */,
			);
			path = XWCoolAnimator;
			sourceTree = "<group>";
		};
		1844EF3F1EC4B06700C39CEB /* XWDrawerAnimator */ = {
			isa = PBXGroup;
			children = (
				1844EF401EC4B06700C39CEB /* XWDrawerAnimator.h */,
				1844EF411EC4B06700C39CEB /* XWDrawerAnimator.m */,
			);
			path = XWDrawerAnimator;
			sourceTree = "<group>";
		};
		1844EF421EC4B06700C39CEB /* XWFilterAnimator */ = {
			isa = PBXGroup;
			children = (
				1844EF431EC4B06700C39CEB /* XWFilterAnimator+XWBarSwipe.h */,
				1844EF441EC4B06700C39CEB /* XWFilterAnimator+XWBarSwipe.m */,
				1844EF451EC4B06700C39CEB /* XWFilterAnimator+XWBoxBlur.h */,
				1844EF461EC4B06700C39CEB /* XWFilterAnimator+XWBoxBlur.m */,
				1844EF471EC4B06700C39CEB /* XWFilterAnimator+XWCopyMachine.h */,
				1844EF481EC4B06700C39CEB /* XWFilterAnimator+XWCopyMachine.m */,
				1844EF491EC4B06700C39CEB /* XWFilterAnimator+XWFlash.h */,
				1844EF4A1EC4B06700C39CEB /* XWFilterAnimator+XWFlash.m */,
				1844EF4B1EC4B06700C39CEB /* XWFilterAnimator+XWMask.h */,
				1844EF4C1EC4B06700C39CEB /* XWFilterAnimator+XWMask.m */,
				1844EF4D1EC4B06700C39CEB /* XWFilterAnimator+XWMod.h */,
				1844EF4E1EC4B06700C39CEB /* XWFilterAnimator+XWMod.m */,
				1844EF4F1EC4B06700C39CEB /* XWFilterAnimator+XWPageCurl.h */,
				1844EF501EC4B06700C39CEB /* XWFilterAnimator+XWPageCurl.m */,
				1844EF511EC4B06700C39CEB /* XWFilterAnimator+XWRipple.h */,
				1844EF521EC4B06700C39CEB /* XWFilterAnimator+XWRipple.m */,
				1844EF531EC4B06700C39CEB /* XWFilterAnimator+XWSwipe.h */,
				1844EF541EC4B06700C39CEB /* XWFilterAnimator+XWSwipe.m */,
				1844EF551EC4B06700C39CEB /* XWFilterAnimator.h */,
				1844EF561EC4B06700C39CEB /* XWFilterAnimator.m */,
				1844EF571EC4B06700C39CEB /* XWFilterTransitionView.h */,
				1844EF581EC4B06700C39CEB /* XWFilterTransitionView.m */,
			);
			path = XWFilterAnimator;
			sourceTree = "<group>";
		};
		1844EF591EC4B06700C39CEB /* XWMagicMoveAnimator */ = {
			isa = PBXGroup;
			children = (
				1844EF5A1EC4B06700C39CEB /* XWMagicMoveAnimator.h */,
				1844EF5B1EC4B06700C39CEB /* XWMagicMoveAnimator.m */,
			);
			path = XWMagicMoveAnimator;
			sourceTree = "<group>";
		};
		187E677D1E7D793000722607 = {
			isa = PBXGroup;
			children = (
				187E67881E7D793000722607 /* CDDStoreDemo */,
				187E67A21E7D793100722607 /* CDDStoreDemoTests */,
				187E67AD1E7D793100722607 /* CDDStoreDemoUITests */,
				187E67871E7D793000722607 /* Products */,
				74A1EBEB1AB5059931285F7F /* Pods */,
				FCDD3FF9C2C0B568BD8C276D /* Frameworks */,
			);
			sourceTree = "<group>";
		};
		187E67871E7D793000722607 /* Products */ = {
			isa = PBXGroup;
			children = (
				187E67861E7D793000722607 /* CDDStoreDemo.app */,
				187E679F1E7D793100722607 /* CDDStoreDemoTests.xctest */,
				187E67AA1E7D793100722607 /* CDDStoreDemoUITests.xctest */,
			);
			name = Products;
			sourceTree = "<group>";
		};
		187E67881E7D793000722607 /* CDDStoreDemo */ = {
			isa = PBXGroup;
			children = (
				1844EDD01EC4AF5D00C39CEB /* Class */,
				187E67CA1E7D83ED00722607 /* Plist */,
				187E67891E7D793100722607 /* Supporting Files */,
			);
			path = CDDStoreDemo;
			sourceTree = "<group>";
		};
		187E67891E7D793100722607 /* Supporting Files */ = {
			isa = PBXGroup;
			children = (
				187E67951E7D793100722607 /* Assets.xcassets */,
				187E67971E7D793100722607 /* LaunchScreen.storyboard */,
				187E679A1E7D793100722607 /* Info.plist */,
				187E678A1E7D793100722607 /* main.m */,
			);
			name = "Supporting Files";
			sourceTree = "<group>";
		};
		187E67A21E7D793100722607 /* CDDStoreDemoTests */ = {
			isa = PBXGroup;
			children = (
				187E67A31E7D793100722607 /* CDDStoreDemoTests.m */,
				187E67A51E7D793100722607 /* Info.plist */,
			);
			path = CDDStoreDemoTests;
			sourceTree = "<group>";
		};
		187E67AD1E7D793100722607 /* CDDStoreDemoUITests */ = {
			isa = PBXGroup;
			children = (
				187E67AE1E7D793100722607 /* CDDStoreDemoUITests.m */,
				187E67B01E7D793100722607 /* Info.plist */,
			);
			path = CDDStoreDemoUITests;
			sourceTree = "<group>";
		};
		187E67CA1E7D83ED00722607 /* Plist */ = {
			isa = PBXGroup;
			children = (
				181F05E41E87DC3E008E88F4 /* ShopItemA.plist */,
				181F05E51E87DC3E008E88F4 /* ShopItemB.plist */,
				181F05E61E87DC3E008E88F4 /* ShopItemC.plist */,
				18E8F6BC1E818A7100D6F275 /* StoreBase.plist */,
				18F8C4DF1E7F95AA00AB2070 /* MallShops.plist */,
			);
			path = Plist;
			sourceTree = "<group>";
		};
		74A1EBEB1AB5059931285F7F /* Pods */ = {
			isa = PBXGroup;
			children = (
				B6042526F9488CF29434ADDB /* Pods-CDDStoreDemo.debug.xcconfig */,
				F3736E949C41228120EF9FC0 /* Pods-CDDStoreDemo.release.xcconfig */,
			);
			name = Pods;
			sourceTree = "<group>";
		};
		FCDD3FF9C2C0B568BD8C276D /* Frameworks */ = {
			isa = PBXGroup;
			children = (
				D28CF44E5CEBF6947E889711 /* libPods-CDDStoreDemo.a */,
			);
			name = Frameworks;
			sourceTree = "<group>";
		};
/* End PBXGroup section */

/* Begin PBXNativeTarget section */
		187E67851E7D793000722607 /* CDDStoreDemo */ = {
			isa = PBXNativeTarget;
			buildConfigurationList = 187E67B31E7D793100722607 /* Build configuration list for PBXNativeTarget "CDDStoreDemo" */;
			buildPhases = (
				F84130B772E7864406C2F481 /* [CP] Check Pods Manifest.lock */,
				187E67821E7D793000722607 /* Sources */,
				187E67831E7D793000722607 /* Frameworks */,
				187E67841E7D793000722607 /* Resources */,
				040328FB9485E1997D6E94C8 /* [CP] Embed Pods Frameworks */,
				4B9CD8A998A4AED2AB625A1B /* [CP] Copy Pods Resources */,
			);
			buildRules = (
			);
			dependencies = (
			);
			name = CDDStoreDemo;
			productName = CDDStoreDemo;
			productReference = 187E67861E7D793000722607 /* CDDStoreDemo.app */;
			productType = "com.apple.product-type.application";
		};
		187E679E1E7D793100722607 /* CDDStoreDemoTests */ = {
			isa = PBXNativeTarget;
			buildConfigurationList = 187E67B61E7D793100722607 /* Build configuration list for PBXNativeTarget "CDDStoreDemoTests" */;
			buildPhases = (
				187E679B1E7D793100722607 /* Sources */,
				187E679C1E7D793100722607 /* Frameworks */,
				187E679D1E7D793100722607 /* Resources */,
			);
			buildRules = (
			);
			dependencies = (
				187E67A11E7D793100722607 /* PBXTargetDependency */,
			);
			name = CDDStoreDemoTests;
			productName = CDDStoreDemoTests;
			productReference = 187E679F1E7D793100722607 /* CDDStoreDemoTests.xctest */;
			productType = "com.apple.product-type.bundle.unit-test";
		};
		187E67A91E7D793100722607 /* CDDStoreDemoUITests */ = {
			isa = PBXNativeTarget;
			buildConfigurationList = 187E67B91E7D793100722607 /* Build configuration list for PBXNativeTarget "CDDStoreDemoUITests" */;
			buildPhases = (
				187E67A61E7D793100722607 /* Sources */,
				187E67A71E7D793100722607 /* Frameworks */,
				187E67A81E7D793100722607 /* Resources */,
			);
			buildRules = (
			);
			dependencies = (
				187E67AC1E7D793100722607 /* PBXTargetDependency */,
			);
			name = CDDStoreDemoUITests;
			productName = CDDStoreDemoUITests;
			productReference = 187E67AA1E7D793100722607 /* CDDStoreDemoUITests.xctest */;
			productType = "com.apple.product-type.bundle.ui-testing";
		};
/* End PBXNativeTarget section */

/* Begin PBXProject section */
		187E677E1E7D793000722607 /* Project object */ = {
			isa = PBXProject;
			attributes = {
				CLASSPREFIX = DC;
				LastUpgradeCheck = 0820;
				ORGANIZATIONNAME = RockectChen;
				TargetAttributes = {
					187E67851E7D793000722607 = {
						CreatedOnToolsVersion = 8.2.1;
						DevelopmentTeam = 2BU7DGY6CY;
						ProvisioningStyle = Automatic;
					};
					187E679E1E7D793100722607 = {
						CreatedOnToolsVersion = 8.2.1;
						DevelopmentTeam = 2BU7DGY6CY;
						ProvisioningStyle = Automatic;
						TestTargetID = 187E67851E7D793000722607;
					};
					187E67A91E7D793100722607 = {
						CreatedOnToolsVersion = 8.2.1;
						DevelopmentTeam = 2BU7DGY6CY;
						ProvisioningStyle = Automatic;
						TestTargetID = 187E67851E7D793000722607;
					};
				};
			};
			buildConfigurationList = 187E67811E7D793000722607 /* Build configuration list for PBXProject "CDDStoreDemo" */;
			compatibilityVersion = "Xcode 3.2";
			developmentRegion = English;
			hasScannedForEncodings = 0;
			knownRegions = (
				en,
				Base,
			);
			mainGroup = 187E677D1E7D793000722607;
			productRefGroup = 187E67871E7D793000722607 /* Products */;
			projectDirPath = "";
			projectRoot = "";
			targets = (
				187E67851E7D793000722607 /* CDDStoreDemo */,
				187E679E1E7D793100722607 /* CDDStoreDemoTests */,
				187E67A91E7D793100722607 /* CDDStoreDemoUITests */,
			);
		};
/* End PBXProject section */

/* Begin PBXResourcesBuildPhase section */
		187E67841E7D793000722607 /* Resources */ = {
			isa = PBXResourcesBuildPhase;
			buildActionMask = 2147483647;
			files = (
				18E8F6BD1E818A7100D6F275 /* StoreBase.plist in Resources */,
				1844EF681EC4B06700C39CEB /* restrictedshine.tiff in Resources */,
				1844EF081EC4AF5E00C39CEB /* DCSureOrderViewController.xib in Resources */,
				181F05E71E87DC3E008E88F4 /* ShopItemA.plist in Resources */,
				1844EEF61EC4AF5E00C39CEB /* DCIntroduceSelectCell.xib in Resources */,
				1844EEF41EC4AF5E00C39CEB /* DCBaseServiceCell.xib in Resources */,
				18F8C4E01E7F95AA00AB2070 /* MallShops.plist in Resources */,
				1844EEF81EC4AF5E00C39CEB /* DCStoreHeadPriceCell.xib in Resources */,
				181F05E91E87DC3E008E88F4 /* ShopItemC.plist in Resources */,
				187E67991E7D793100722607 /* LaunchScreen.storyboard in Resources */,
				1844EEF21EC4AF5E00C39CEB /* DCAdExCell.xib in Resources */,
				1844EF671EC4B06700C39CEB /* mask.jpg in Resources */,
				1844EF661EC4B06700C39CEB /* line.png in Resources */,
				187E67961E7D793100722607 /* Assets.xcassets in Resources */,
				1844EF061EC4AF5E00C39CEB /* DCStoreItemCell.xib in Resources */,
				1844EEFE1EC4AF5E00C39CEB /* DCWebViewController.xib in Resources */,
				181F05E81E87DC3E008E88F4 /* ShopItemB.plist in Resources */,
			);
			runOnlyForDeploymentPostprocessing = 0;
		};
		187E679D1E7D793100722607 /* Resources */ = {
			isa = PBXResourcesBuildPhase;
			buildActionMask = 2147483647;
			files = (
			);
			runOnlyForDeploymentPostprocessing = 0;
		};
		187E67A81E7D793100722607 /* Resources */ = {
			isa = PBXResourcesBuildPhase;
			buildActionMask = 2147483647;
			files = (
			);
			runOnlyForDeploymentPostprocessing = 0;
		};
/* End PBXResourcesBuildPhase section */

/* Begin PBXShellScriptBuildPhase section */
		040328FB9485E1997D6E94C8 /* [CP] Embed Pods Frameworks */ = {
			isa = PBXShellScriptBuildPhase;
			buildActionMask = 2147483647;
			files = (
			);
			inputPaths = (
			);
			name = "[CP] Embed Pods Frameworks";
			outputPaths = (
			);
			runOnlyForDeploymentPostprocessing = 0;
			shellPath = /bin/sh;
			shellScript = "\"${SRCROOT}/Pods/Target Support Files/Pods-CDDStoreDemo/Pods-CDDStoreDemo-frameworks.sh\"\n";
			showEnvVarsInLog = 0;
		};
		4B9CD8A998A4AED2AB625A1B /* [CP] Copy Pods Resources */ = {
			isa = PBXShellScriptBuildPhase;
			buildActionMask = 2147483647;
			files = (
			);
			inputPaths = (
			);
			name = "[CP] Copy Pods Resources";
			outputPaths = (
			);
			runOnlyForDeploymentPostprocessing = 0;
			shellPath = /bin/sh;
			shellScript = "\"${SRCROOT}/Pods/Target Support Files/Pods-CDDStoreDemo/Pods-CDDStoreDemo-resources.sh\"\n";
			showEnvVarsInLog = 0;
		};
		F84130B772E7864406C2F481 /* [CP] Check Pods Manifest.lock */ = {
			isa = PBXShellScriptBuildPhase;
			buildActionMask = 2147483647;
			files = (
			);
			inputPaths = (
			);
			name = "[CP] Check Pods Manifest.lock";
			outputPaths = (
			);
			runOnlyForDeploymentPostprocessing = 0;
			shellPath = /bin/sh;
			shellScript = "diff \"${PODS_PODFILE_DIR_PATH}/Podfile.lock\" \"${PODS_ROOT}/Manifest.lock\" > /dev/null\nif [ $? != 0 ] ; then\n    # print error to STDERR\n    echo \"error: The sandbox is not in sync with the Podfile.lock. Run 'pod install' or update your CocoaPods installation.\" >&2\n    exit 1\nfi\n";
			showEnvVarsInLog = 0;
		};
/* End PBXShellScriptBuildPhase section */

/* Begin PBXSourcesBuildPhase section */
		187E67821E7D793000722607 /* Sources */ = {
			isa = PBXSourcesBuildPhase;
			buildActionMask = 2147483647;
			files = (
				1844EF711EC4B06700C39CEB /* XWCoolAnimator.m in Sources */,
				1844EEDE1EC4AF5E00C39CEB /* DCShopItemView.m in Sources */,
				1844EF781EC4B06700C39CEB /* XWFilterAnimator+XWMod.m in Sources */,
				1844EEAE1EC4AF5D00C39CEB /* DCConsts.m in Sources */,
				1844EEDD1EC4AF5E00C39CEB /* DCNavigationTabBar.m in Sources */,
				1844EEFB1EC4AF5E00C39CEB /* DCStoreDetailViewController.m in Sources */,
				1844EF6D1EC4B06700C39CEB /* XWCoolAnimator+XWMiddlePageFlip.m in Sources */,
				1844EEAB1EC4AF5D00C39CEB /* AppDelegate.m in Sources */,
				1844EEFF1EC4AF5E00C39CEB /* DCStoreItem.m in Sources */,
				1844EEE61EC4AF5E00C39CEB /* DCStoreCommentViewController.m in Sources */,
				1844EF6A1EC4B06700C39CEB /* XWCoolAnimator+XWExplode.m in Sources */,
				1844EEEA1EC4AF5E00C39CEB /* DCStoreItemSelectViewController.m in Sources */,
				1844EEDF1EC4AF5E00C39CEB /* DCStoreButton.m in Sources */,
				1844EEED1EC4AF5E00C39CEB /* DCBaseItem.m in Sources */,
				1844EF7D1EC4B06700C39CEB /* XWFilterTransitionView.m in Sources */,
				1844EEF71EC4AF5E00C39CEB /* DCStoreHeadPriceCell.m in Sources */,
				1844EF791EC4B06700C39CEB /* XWFilterAnimator+XWPageCurl.m in Sources */,
				1844EF721EC4B06700C39CEB /* XWDrawerAnimator.m in Sources */,
				1844EF5D1EC4B06700C39CEB /* WJYAlertView.m in Sources */,
				1844EF621EC4B06700C39CEB /* UIView+Snapshot.m in Sources */,
				1844EF031EC4AF5E00C39CEB /* DCStoreGridCollectionCell.m in Sources */,
				1844EEE31EC4AF5E00C39CEB /* DCShopCarViewController.m in Sources */,
				1844EF741EC4B06700C39CEB /* XWFilterAnimator+XWBoxBlur.m in Sources */,
				1844EEF31EC4AF5E00C39CEB /* DCBaseServiceCell.m in Sources */,
				1844EF641EC4B06700C39CEB /* XWInteractiveTransition.m in Sources */,
				1844EEE71EC4AF5E00C39CEB /* DCStoreIntroduceViewController.m in Sources */,
				1844EF601EC4B06700C39CEB /* UIView+WZLBadge.m in Sources */,
				1844EEF11EC4AF5E00C39CEB /* DCAdExCell.m in Sources */,
				1844EF041EC4AF5E00C39CEB /* DCStoreGridFlowLayout.m in Sources */,
				1844EEE01EC4AF5E00C39CEB /* DCMineViewController.m in Sources */,
				1844EEB11EC4AF5D00C39CEB /* UIButton+Bootstrap.m in Sources */,
				1844EF7E1EC4B06700C39CEB /* XWMagicMoveAnimator.m in Sources */,
				1844EF5F1EC4B06700C39CEB /* CAAnimation+WAnimation.m in Sources */,
				1844EF7B1EC4B06700C39CEB /* XWFilterAnimator+XWSwipe.m in Sources */,
				1844EF6C1EC4B06700C39CEB /* XWCoolAnimator+XWLines.m in Sources */,
				1844EF5C1EC4B06700C39CEB /* UIPlaceHolderTextView.m in Sources */,
				1844EEEB1EC4AF5E00C39CEB /* DCStoreMainViewController.m in Sources */,
				1844EEAF1EC4AF5D00C39CEB /* DCSpeedy.m in Sources */,
				1844EEF51EC4AF5E00C39CEB /* DCIntroduceSelectCell.m in Sources */,
				1844EF691EC4B06700C39CEB /* XWCircleSpreadAnimator.m in Sources */,
				1844EEE81EC4AF5E00C39CEB /* DCBaseViewController.m in Sources */,
				1844EEFA1EC4AF5E00C39CEB /* DCStoreCollectionViewController.m in Sources */,
				1844EEEE1EC4AF5E00C39CEB /* DCStore_attr.m in Sources */,
				1844EF751EC4B06700C39CEB /* XWFilterAnimator+XWCopyMachine.m in Sources */,
				1844EF6E1EC4B06700C39CEB /* XWCoolAnimator+XWPageFlip.m in Sources */,
				1844EEB01EC4AF5D00C39CEB /* UIBarButtonItem+DCBarButtonItem.m in Sources */,
				1844EF701EC4B06700C39CEB /* XWCoolAnimator+XWScanning.m in Sources */,
				1844EF5E1EC4B06700C39CEB /* PPNumberButton.m in Sources */,
				1844EF631EC4B06700C39CEB /* UIViewController+XWTransition.m in Sources */,
				1844EF001EC4AF5E00C39CEB /* DCPayWayCell.m in Sources */,
				1844EF7A1EC4B06700C39CEB /* XWFilterAnimator+XWRipple.m in Sources */,
				1844EEF01EC4AF5E00C39CEB /* DCStoreAttribute.m in Sources */,
				1844EF611EC4B06700C39CEB /* UINavigationController+XWTransition.m in Sources */,
				1844EF651EC4B06700C39CEB /* XWTransitionAnimator.m in Sources */,
				1844EEAD1EC4AF5D00C39CEB /* DCTabBarViewController.m in Sources */,
				1844EEEF1EC4AF5E00C39CEB /* DCStore_list.m in Sources */,
				1844EEFC1EC4AF5E00C39CEB /* DCStoreViewController.m in Sources */,
				1844EF071EC4AF5E00C39CEB /* DCSureOrderViewController.m in Sources */,
				1844EF6F1EC4B06700C39CEB /* XWCoolAnimator+XWPortal.m in Sources */,
				1844EF091EC4AF5E00C39CEB /* DCUserPayViewController.m in Sources */,
				1844EF7C1EC4B06700C39CEB /* XWFilterAnimator.m in Sources */,
				1844EEF91EC4AF5E00C39CEB /* DCCustomViewController.m in Sources */,
				1844EEFD1EC4AF5E00C39CEB /* DCWebViewController.m in Sources */,
				1844EF051EC4AF5E00C39CEB /* DCStoreItemCell.m in Sources */,
				1844EF6B1EC4B06700C39CEB /* XWCoolAnimator+XWFold.m in Sources */,
				1844EF771EC4B06700C39CEB /* XWFilterAnimator+XWMask.m in Sources */,
				1844EEE91EC4AF5E00C39CEB /* DCShareViewController.m in Sources */,
				1844EF021EC4AF5E00C39CEB /* DCStoreCoverLabel.m in Sources */,
				1844EEEC1EC4AF5E00C39CEB /* DCStoreAttributeItemsViewController.m in Sources */,
				187E678B1E7D793100722607 /* main.m in Sources */,
				1844EEB21EC4AF5D00C39CEB /* UIView+DCExtension.m in Sources */,
				1844EF011EC4AF5E00C39CEB /* DCStoreCollectionViewCell.m in Sources */,
				1844EF761EC4B06700C39CEB /* XWFilterAnimator+XWFlash.m in Sources */,
				1844EEAC1EC4AF5D00C39CEB /* DCNavigationController.m in Sources */,
				1844EF731EC4B06700C39CEB /* XWFilterAnimator+XWBarSwipe.m in Sources */,
			);
			runOnlyForDeploymentPostprocessing = 0;
		};
		187E679B1E7D793100722607 /* Sources */ = {
			isa = PBXSourcesBuildPhase;
			buildActionMask = 2147483647;
			files = (
				187E67A41E7D793100722607 /* CDDStoreDemoTests.m in Sources */,
			);
			runOnlyForDeploymentPostprocessing = 0;
		};
		187E67A61E7D793100722607 /* Sources */ = {
			isa = PBXSourcesBuildPhase;
			buildActionMask = 2147483647;
			files = (
				187E67AF1E7D793100722607 /* CDDStoreDemoUITests.m in Sources */,
			);
			runOnlyForDeploymentPostprocessing = 0;
		};
/* End PBXSourcesBuildPhase section */

/* Begin PBXTargetDependency section */
		187E67A11E7D793100722607 /* PBXTargetDependency */ = {
			isa = PBXTargetDependency;
			target = 187E67851E7D793000722607 /* CDDStoreDemo */;
			targetProxy = 187E67A01E7D793100722607 /* PBXContainerItemProxy */;
		};
		187E67AC1E7D793100722607 /* PBXTargetDependency */ = {
			isa = PBXTargetDependency;
			target = 187E67851E7D793000722607 /* CDDStoreDemo */;
			targetProxy = 187E67AB1E7D793100722607 /* PBXContainerItemProxy */;
		};
/* End PBXTargetDependency section */

/* Begin PBXVariantGroup section */
		187E67971E7D793100722607 /* LaunchScreen.storyboard */ = {
			isa = PBXVariantGroup;
			children = (
				187E67981E7D793100722607 /* Base */,
			);
			name = LaunchScreen.storyboard;
			sourceTree = "<group>";
		};
/* End PBXVariantGroup section */

/* Begin XCBuildConfiguration section */
		187E67B11E7D793100722607 /* Debug */ = {
			isa = XCBuildConfiguration;
			buildSettings = {
				ALWAYS_SEARCH_USER_PATHS = NO;
				CLANG_ANALYZER_NONNULL = YES;
				CLANG_CXX_LANGUAGE_STANDARD = "gnu++0x";
				CLANG_CXX_LIBRARY = "libc++";
				CLANG_ENABLE_MODULES = YES;
				CLANG_ENABLE_OBJC_ARC = YES;
				CLANG_WARN_BOOL_CONVERSION = YES;
				CLANG_WARN_CONSTANT_CONVERSION = YES;
				CLANG_WARN_DIRECT_OBJC_ISA_USAGE = YES_ERROR;
				CLANG_WARN_DOCUMENTATION_COMMENTS = YES;
				CLANG_WARN_EMPTY_BODY = YES;
				CLANG_WARN_ENUM_CONVERSION = YES;
				CLANG_WARN_INFINITE_RECURSION = YES;
				CLANG_WARN_INT_CONVERSION = YES;
				CLANG_WARN_OBJC_ROOT_CLASS = YES_ERROR;
				CLANG_WARN_SUSPICIOUS_MOVE = YES;
				CLANG_WARN_UNREACHABLE_CODE = YES;
				CLANG_WARN__DUPLICATE_METHOD_MATCH = YES;
				"CODE_SIGN_IDENTITY[sdk=iphoneos*]" = "iPhone Developer";
				COPY_PHASE_STRIP = NO;
				DEBUG_INFORMATION_FORMAT = dwarf;
				ENABLE_STRICT_OBJC_MSGSEND = YES;
				ENABLE_TESTABILITY = YES;
				GCC_C_LANGUAGE_STANDARD = gnu99;
				GCC_DYNAMIC_NO_PIC = NO;
				GCC_NO_COMMON_BLOCKS = YES;
				GCC_OPTIMIZATION_LEVEL = 0;
				GCC_PREPROCESSOR_DEFINITIONS = (
					"DEBUG=1",
					"$(inherited)",
				);
				GCC_WARN_64_TO_32_BIT_CONVERSION = YES;
				GCC_WARN_ABOUT_RETURN_TYPE = YES_ERROR;
				GCC_WARN_UNDECLARED_SELECTOR = YES;
				GCC_WARN_UNINITIALIZED_AUTOS = YES_AGGRESSIVE;
				GCC_WARN_UNUSED_FUNCTION = YES;
				GCC_WARN_UNUSED_VARIABLE = YES;
				IPHONEOS_DEPLOYMENT_TARGET = 10.2;
				MTL_ENABLE_DEBUG_INFO = YES;
				ONLY_ACTIVE_ARCH = YES;
				SDKROOT = iphoneos;
			};
			name = Debug;
		};
		187E67B21E7D793100722607 /* Release */ = {
			isa = XCBuildConfiguration;
			buildSettings = {
				ALWAYS_SEARCH_USER_PATHS = NO;
				CLANG_ANALYZER_NONNULL = YES;
				CLANG_CXX_LANGUAGE_STANDARD = "gnu++0x";
				CLANG_CXX_LIBRARY = "libc++";
				CLANG_ENABLE_MODULES = YES;
				CLANG_ENABLE_OBJC_ARC = YES;
				CLANG_WARN_BOOL_CONVERSION = YES;
				CLANG_WARN_CONSTANT_CONVERSION = YES;
				CLANG_WARN_DIRECT_OBJC_ISA_USAGE = YES_ERROR;
				CLANG_WARN_DOCUMENTATION_COMMENTS = YES;
				CLANG_WARN_EMPTY_BODY = YES;
				CLANG_WARN_ENUM_CONVERSION = YES;
				CLANG_WARN_INFINITE_RECURSION = YES;
				CLANG_WARN_INT_CONVERSION = YES;
				CLANG_WARN_OBJC_ROOT_CLASS = YES_ERROR;
				CLANG_WARN_SUSPICIOUS_MOVE = YES;
				CLANG_WARN_UNREACHABLE_CODE = YES;
				CLANG_WARN__DUPLICATE_METHOD_MATCH = YES;
				"CODE_SIGN_IDENTITY[sdk=iphoneos*]" = "iPhone Developer";
				COPY_PHASE_STRIP = NO;
				DEBUG_INFORMATION_FORMAT = "dwarf-with-dsym";
				ENABLE_NS_ASSERTIONS = NO;
				ENABLE_STRICT_OBJC_MSGSEND = YES;
				GCC_C_LANGUAGE_STANDARD = gnu99;
				GCC_NO_COMMON_BLOCKS = YES;
				GCC_WARN_64_TO_32_BIT_CONVERSION = YES;
				GCC_WARN_ABOUT_RETURN_TYPE = YES_ERROR;
				GCC_WARN_UNDECLARED_SELECTOR = YES;
				GCC_WARN_UNINITIALIZED_AUTOS = YES_AGGRESSIVE;
				GCC_WARN_UNUSED_FUNCTION = YES;
				GCC_WARN_UNUSED_VARIABLE = YES;
				IPHONEOS_DEPLOYMENT_TARGET = 10.2;
				MTL_ENABLE_DEBUG_INFO = NO;
				SDKROOT = iphoneos;
				VALIDATE_PRODUCT = YES;
			};
			name = Release;
		};
		187E67B41E7D793100722607 /* Debug */ = {
			isa = XCBuildConfiguration;
			baseConfigurationReference = B6042526F9488CF29434ADDB /* Pods-CDDStoreDemo.debug.xcconfig */;
			buildSettings = {
				ASSETCATALOG_COMPILER_APPICON_NAME = AppIcon;
				DEVELOPMENT_TEAM = 2BU7DGY6CY;
				FRAMEWORK_SEARCH_PATHS = (
					"$(inherited)",
					"$(PROJECT_DIR)/CDDStoreDemo/Class/Others(其他)/Tools/WXFrameworks",
				);
				INFOPLIST_FILE = CDDStoreDemo/Info.plist;
				IPHONEOS_DEPLOYMENT_TARGET = 8.0;
				LD_RUNPATH_SEARCH_PATHS = "$(inherited) @executable_path/Frameworks";
				PRODUCT_BUNDLE_IDENTIFIER = CDD.CDDStoreDemo;
				PRODUCT_NAME = "$(TARGET_NAME)";
			};
			name = Debug;
		};
		187E67B51E7D793100722607 /* Release */ = {
			isa = XCBuildConfiguration;
			baseConfigurationReference = F3736E949C41228120EF9FC0 /* Pods-CDDStoreDemo.release.xcconfig */;
			buildSettings = {
				ASSETCATALOG_COMPILER_APPICON_NAME = AppIcon;
				DEVELOPMENT_TEAM = 2BU7DGY6CY;
				FRAMEWORK_SEARCH_PATHS = (
					"$(inherited)",
					"$(PROJECT_DIR)/CDDStoreDemo/Class/Others(其他)/Tools/WXFrameworks",
				);
				INFOPLIST_FILE = CDDStoreDemo/Info.plist;
				IPHONEOS_DEPLOYMENT_TARGET = 8.0;
				LD_RUNPATH_SEARCH_PATHS = "$(inherited) @executable_path/Frameworks";
				PRODUCT_BUNDLE_IDENTIFIER = CDD.CDDStoreDemo;
				PRODUCT_NAME = "$(TARGET_NAME)";
			};
			name = Release;
		};
		187E67B71E7D793100722607 /* Debug */ = {
			isa = XCBuildConfiguration;
			buildSettings = {
				BUNDLE_LOADER = "$(TEST_HOST)";
				DEVELOPMENT_TEAM = 2BU7DGY6CY;
				INFOPLIST_FILE = CDDStoreDemoTests/Info.plist;
				LD_RUNPATH_SEARCH_PATHS = "$(inherited) @executable_path/Frameworks @loader_path/Frameworks";
				PRODUCT_BUNDLE_IDENTIFIER = CDD.CDDStoreDemoTests;
				PRODUCT_NAME = "$(TARGET_NAME)";
				TEST_HOST = "$(BUILT_PRODUCTS_DIR)/CDDStoreDemo.app/CDDStoreDemo";
			};
			name = Debug;
		};
		187E67B81E7D793100722607 /* Release */ = {
			isa = XCBuildConfiguration;
			buildSettings = {
				BUNDLE_LOADER = "$(TEST_HOST)";
				DEVELOPMENT_TEAM = 2BU7DGY6CY;
				INFOPLIST_FILE = CDDStoreDemoTests/Info.plist;
				LD_RUNPATH_SEARCH_PATHS = "$(inherited) @executable_path/Frameworks @loader_path/Frameworks";
				PRODUCT_BUNDLE_IDENTIFIER = CDD.CDDStoreDemoTests;
				PRODUCT_NAME = "$(TARGET_NAME)";
				TEST_HOST = "$(BUILT_PRODUCTS_DIR)/CDDStoreDemo.app/CDDStoreDemo";
			};
			name = Release;
		};
		187E67BA1E7D793100722607 /* Debug */ = {
			isa = XCBuildConfiguration;
			buildSettings = {
				DEVELOPMENT_TEAM = 2BU7DGY6CY;
				INFOPLIST_FILE = CDDStoreDemoUITests/Info.plist;
				LD_RUNPATH_SEARCH_PATHS = "$(inherited) @executable_path/Frameworks @loader_path/Frameworks";
				PRODUCT_BUNDLE_IDENTIFIER = CDD.CDDStoreDemoUITests;
				PRODUCT_NAME = "$(TARGET_NAME)";
				TEST_TARGET_NAME = CDDStoreDemo;
			};
			name = Debug;
		};
		187E67BB1E7D793100722607 /* Release */ = {
			isa = XCBuildConfiguration;
			buildSettings = {
				DEVELOPMENT_TEAM = 2BU7DGY6CY;
				INFOPLIST_FILE = CDDStoreDemoUITests/Info.plist;
				LD_RUNPATH_SEARCH_PATHS = "$(inherited) @executable_path/Frameworks @loader_path/Frameworks";
				PRODUCT_BUNDLE_IDENTIFIER = CDD.CDDStoreDemoUITests;
				PRODUCT_NAME = "$(TARGET_NAME)";
				TEST_TARGET_NAME = CDDStoreDemo;
			};
			name = Release;
		};
/* End XCBuildConfiguration section */

/* Begin XCConfigurationList section */
		187E67811E7D793000722607 /* Build configuration list for PBXProject "CDDStoreDemo" */ = {
			isa = XCConfigurationList;
			buildConfigurations = (
				187E67B11E7D793100722607 /* Debug */,
				187E67B21E7D793100722607 /* Release */,
			);
			defaultConfigurationIsVisible = 0;
			defaultConfigurationName = Release;
		};
		187E67B31E7D793100722607 /* Build configuration list for PBXNativeTarget "CDDStoreDemo" */ = {
			isa = XCConfigurationList;
			buildConfigurations = (
				187E67B41E7D793100722607 /* Debug */,
				187E67B51E7D793100722607 /* Release */,
			);
			defaultConfigurationIsVisible = 0;
			defaultConfigurationName = Release;
		};
		187E67B61E7D793100722607 /* Build configuration list for PBXNativeTarget "CDDStoreDemoTests" */ = {
			isa = XCConfigurationList;
			buildConfigurations = (
				187E67B71E7D793100722607 /* Debug */,
				187E67B81E7D793100722607 /* Release */,
			);
			defaultConfigurationIsVisible = 0;
			defaultConfigurationName = Release;
		};
		187E67B91E7D793100722607 /* Build configuration list for PBXNativeTarget "CDDStoreDemoUITests" */ = {
			isa = XCConfigurationList;
			buildConfigurations = (
				187E67BA1E7D793100722607 /* Debug */,
				187E67BB1E7D793100722607 /* Release */,
			);
			defaultConfigurationIsVisible = 0;
			defaultConfigurationName = Release;
		};
/* End XCConfigurationList section */
	};
	rootObject = 187E677E1E7D793000722607 /* Project object */;
}
